// !$*UTF8*$!
{
	archiveVersion = 1;
	classes = {
	};
	objectVersion = 45;
	objects = {

/* Begin PBXBuildFile section */
		1D3623260D0F684500981E51 /* TorrentBoxAppDelegate.m in Sources */ = {isa = PBXBuildFile; fileRef = 1D3623250D0F684500981E51 /* TorrentBoxAppDelegate.m */; };
		1D60589B0D05DD56006BFB54 /* main.m in Sources */ = {isa = PBXBuildFile; fileRef = 29B97316FDCFA39411CA2CEA /* main.m */; };
		1D60589F0D05DD5A006BFB54 /* Foundation.framework in Frameworks */ = {isa = PBXBuildFile; fileRef = 1D30AB110D05D00D00671497 /* Foundation.framework */; };
		1DF5F4E00D08C38300B7A737 /* UIKit.framework in Frameworks */ = {isa = PBXBuildFile; fileRef = 1DF5F4DF0D08C38300B7A737 /* UIKit.framework */; };
		2892E4100DC94CBA00A64D0F /* CoreGraphics.framework in Frameworks */ = {isa = PBXBuildFile; fileRef = 2892E40F0DC94CBA00A64D0F /* CoreGraphics.framework */; };
		28AD73600D9D9599002E5188 /* MainWindow.xib in Resources */ = {isa = PBXBuildFile; fileRef = 28AD735F0D9D9599002E5188 /* MainWindow.xib */; };
		28C286E10D94DF7D0034E888 /* RootViewController.m in Sources */ = {isa = PBXBuildFile; fileRef = 28C286E00D94DF7D0034E888 /* RootViewController.m */; };
		28F335F11007B36200424DE2 /* RootViewController.xib in Resources */ = {isa = PBXBuildFile; fileRef = 28F335F01007B36200424DE2 /* RootViewController.xib */; };
		D3432C8111E13EA900D3A80E /* DBRequest.m in Sources */ = {isa = PBXBuildFile; fileRef = D3432C4811E13EA900D3A80E /* DBRequest.m */; };
		D3432C8211E13EA900D3A80E /* DBRestClient.m in Sources */ = {isa = PBXBuildFile; fileRef = D3432C4A11E13EA900D3A80E /* DBRestClient.m */; };
		D3432C8311E13EA900D3A80E /* DBSession.m in Sources */ = {isa = PBXBuildFile; fileRef = D3432C4C11E13EA900D3A80E /* DBSession.m */; };
		D3432C8411E13EA900D3A80E /* NSObject+SBJSON.m in Sources */ = {isa = PBXBuildFile; fileRef = D3432C5011E13EA900D3A80E /* NSObject+SBJSON.m */; };
		D3432C8511E13EA900D3A80E /* NSString+SBJSON.m in Sources */ = {isa = PBXBuildFile; fileRef = D3432C5211E13EA900D3A80E /* NSString+SBJSON.m */; };
		D3432C8611E13EA900D3A80E /* SBJSON.m in Sources */ = {isa = PBXBuildFile; fileRef = D3432C5411E13EA900D3A80E /* SBJSON.m */; };
		D3432C8711E13EA900D3A80E /* SBJsonBase.m in Sources */ = {isa = PBXBuildFile; fileRef = D3432C5611E13EA900D3A80E /* SBJsonBase.m */; };
		D3432C8811E13EA900D3A80E /* SBJsonParser.m in Sources */ = {isa = PBXBuildFile; fileRef = D3432C5811E13EA900D3A80E /* SBJsonParser.m */; };
		D3432C8911E13EA900D3A80E /* SBJsonWriter.m in Sources */ = {isa = PBXBuildFile; fileRef = D3432C5A11E13EA900D3A80E /* SBJsonWriter.m */; };
		D3432C8A11E13EA900D3A80E /* Base64Transcoder.c in Sources */ = {isa = PBXBuildFile; fileRef = D3432C5D11E13EA900D3A80E /* Base64Transcoder.c */; };
		D3432C8B11E13EA900D3A80E /* MPOAuthAPI.m in Sources */ = {isa = PBXBuildFile; fileRef = D3432C6211E13EA900D3A80E /* MPOAuthAPI.m */; };
		D3432C8C11E13EA900D3A80E /* MPOAuthAPIRequestLoader.m in Sources */ = {isa = PBXBuildFile; fileRef = D3432C6411E13EA900D3A80E /* MPOAuthAPIRequestLoader.m */; };
		D3432C8D11E13EA900D3A80E /* MPOAuthAuthenticationMethod.m in Sources */ = {isa = PBXBuildFile; fileRef = D3432C6611E13EA900D3A80E /* MPOAuthAuthenticationMethod.m */; };
		D3432C8E11E13EA900D3A80E /* MPOAuthAuthenticationMethodOAuth.m in Sources */ = {isa = PBXBuildFile; fileRef = D3432C6811E13EA900D3A80E /* MPOAuthAuthenticationMethodOAuth.m */; };
		D3432C8F11E13EA900D3A80E /* MPOAuthConnection.m in Sources */ = {isa = PBXBuildFile; fileRef = D3432C6A11E13EA900D3A80E /* MPOAuthConnection.m */; };
		D3432C9011E13EA900D3A80E /* MPOAuthCredentiaIConcreteStore+KeychainAdditionsMac.m in Sources */ = {isa = PBXBuildFile; fileRef = D3432C6B11E13EA900D3A80E /* MPOAuthCredentiaIConcreteStore+KeychainAdditionsMac.m */; };
		D3432C9111E13EA900D3A80E /* MPOAuthCredentialConcreteStore+KeychainAdditionsiPhone.m in Sources */ = {isa = PBXBuildFile; fileRef = D3432C6D11E13EA900D3A80E /* MPOAuthCredentialConcreteStore+KeychainAdditionsiPhone.m */; };
		D3432C9211E13EA900D3A80E /* MPOAuthCredentialConcreteStore.m in Sources */ = {isa = PBXBuildFile; fileRef = D3432C6F11E13EA900D3A80E /* MPOAuthCredentialConcreteStore.m */; };
		D3432C9311E13EA900D3A80E /* MPOAuthSignatureParameter.m in Sources */ = {isa = PBXBuildFile; fileRef = D3432C7311E13EA900D3A80E /* MPOAuthSignatureParameter.m */; };
		D3432C9411E13EA900D3A80E /* MPOAuthSignatureParameter.m.orig in Resources */ = {isa = PBXBuildFile; fileRef = D3432C7411E13EA900D3A80E /* MPOAuthSignatureParameter.m.orig */; };
		D3432C9511E13EA900D3A80E /* MPOAuthURLRequest.m in Sources */ = {isa = PBXBuildFile; fileRef = D3432C7611E13EA900D3A80E /* MPOAuthURLRequest.m */; };
		D3432C9611E13EA900D3A80E /* MPOAuthURLResponse.m in Sources */ = {isa = PBXBuildFile; fileRef = D3432C7811E13EA900D3A80E /* MPOAuthURLResponse.m */; };
		D3432C9711E13EA900D3A80E /* MPURLRequestParameter.m in Sources */ = {isa = PBXBuildFile; fileRef = D3432C7A11E13EA900D3A80E /* MPURLRequestParameter.m */; };
		D3432C9811E13EA900D3A80E /* NSString+URLEscapingAdditions.m in Sources */ = {isa = PBXBuildFile; fileRef = D3432C7C11E13EA900D3A80E /* NSString+URLEscapingAdditions.m */; };
		D3432C9911E13EA900D3A80E /* NSURL+MPURLParameterAdditions.m in Sources */ = {isa = PBXBuildFile; fileRef = D3432C7E11E13EA900D3A80E /* NSURL+MPURLParameterAdditions.m */; };
		D3432C9A11E13EA900D3A80E /* NSURLResponse+Encoding.m in Sources */ = {isa = PBXBuildFile; fileRef = D3432C8011E13EA900D3A80E /* NSURLResponse+Encoding.m */; };
		D37868AF11E141D50069B42D /* Security.framework in Frameworks */ = {isa = PBXBuildFile; fileRef = D37868AE11E141D50069B42D /* Security.framework */; };
		D37868BA11E142820069B42D /* DBUploader.m in Sources */ = {isa = PBXBuildFile; fileRef = D37868B911E142820069B42D /* DBUploader.m */; };
		D3786A6F11E16C710069B42D /* MBProgressHUD.m in Sources */ = {isa = PBXBuildFile; fileRef = D3786A6E11E16C710069B42D /* MBProgressHUD.m */; };
		D3D9829011D6A03000E14C3D /* gear.png in Resources */ = {isa = PBXBuildFile; fileRef = D3D9828F11D6A03000E14C3D /* gear.png */; };
		D3D9834B11D6B29C00E14C3D /* SettingsViewController.m in Sources */ = {isa = PBXBuildFile; fileRef = D3D9834911D6B29C00E14C3D /* SettingsViewController.m */; };
		D3D9834C11D6B29C00E14C3D /* SettingsViewController.xib in Resources */ = {isa = PBXBuildFile; fileRef = D3D9834A11D6B29C00E14C3D /* SettingsViewController.xib */; };
/* End PBXBuildFile section */

/* Begin PBXFileReference section */
		1D30AB110D05D00D00671497 /* Foundation.framework */ = {isa = PBXFileReference; lastKnownFileType = wrapper.framework; name = Foundation.framework; path = System/Library/Frameworks/Foundation.framework; sourceTree = SDKROOT; };
		1D3623240D0F684500981E51 /* TorrentBoxAppDelegate.h */ = {isa = PBXFileReference; fileEncoding = 4; lastKnownFileType = sourcecode.c.h; path = TorrentBoxAppDelegate.h; sourceTree = "<group>"; };
		1D3623250D0F684500981E51 /* TorrentBoxAppDelegate.m */ = {isa = PBXFileReference; fileEncoding = 4; lastKnownFileType = sourcecode.c.objc; path = TorrentBoxAppDelegate.m; sourceTree = "<group>"; };
		1D6058910D05DD3D006BFB54 /* TorrentBox.app */ = {isa = PBXFileReference; explicitFileType = wrapper.application; includeInIndex = 0; path = TorrentBox.app; sourceTree = BUILT_PRODUCTS_DIR; };
		1DF5F4DF0D08C38300B7A737 /* UIKit.framework */ = {isa = PBXFileReference; lastKnownFileType = wrapper.framework; name = UIKit.framework; path = System/Library/Frameworks/UIKit.framework; sourceTree = SDKROOT; };
		2892E40F0DC94CBA00A64D0F /* CoreGraphics.framework */ = {isa = PBXFileReference; lastKnownFileType = wrapper.framework; name = CoreGraphics.framework; path = System/Library/Frameworks/CoreGraphics.framework; sourceTree = SDKROOT; };
		28A0AAE50D9B0CCF005BE974 /* TorrentBox_Prefix.pch */ = {isa = PBXFileReference; fileEncoding = 4; lastKnownFileType = sourcecode.c.h; path = TorrentBox_Prefix.pch; sourceTree = "<group>"; };
		28AD735F0D9D9599002E5188 /* MainWindow.xib */ = {isa = PBXFileReference; lastKnownFileType = file.xib; path = MainWindow.xib; sourceTree = "<group>"; };
		28C286DF0D94DF7D0034E888 /* RootViewController.h */ = {isa = PBXFileReference; fileEncoding = 4; lastKnownFileType = sourcecode.c.h; path = RootViewController.h; sourceTree = "<group>"; };
		28C286E00D94DF7D0034E888 /* RootViewController.m */ = {isa = PBXFileReference; fileEncoding = 4; lastKnownFileType = sourcecode.c.objc; path = RootViewController.m; sourceTree = "<group>"; };
		28F335F01007B36200424DE2 /* RootViewController.xib */ = {isa = PBXFileReference; lastKnownFileType = file.xib; path = RootViewController.xib; sourceTree = "<group>"; };
		29B97316FDCFA39411CA2CEA /* main.m */ = {isa = PBXFileReference; fileEncoding = 4; lastKnownFileType = sourcecode.c.objc; path = main.m; sourceTree = "<group>"; };
		8D1107310486CEB800E47090 /* TorrentBox-Info.plist */ = {isa = PBXFileReference; fileEncoding = 4; lastKnownFileType = text.plist.xml; path = "TorrentBox-Info.plist"; plistStructureDefinitionIdentifier = "com.apple.xcode.plist.structure-definition.iphone.info-plist"; sourceTree = "<group>"; };
		D3432C4711E13EA900D3A80E /* DBRequest.h */ = {isa = PBXFileReference; fileEncoding = 4; lastKnownFileType = sourcecode.c.h; path = DBRequest.h; sourceTree = "<group>"; };
		D3432C4811E13EA900D3A80E /* DBRequest.m */ = {isa = PBXFileReference; fileEncoding = 4; lastKnownFileType = sourcecode.c.objc; path = DBRequest.m; sourceTree = "<group>"; };
		D3432C4911E13EA900D3A80E /* DBRestClient.h */ = {isa = PBXFileReference; fileEncoding = 4; lastKnownFileType = sourcecode.c.h; path = DBRestClient.h; sourceTree = "<group>"; };
		D3432C4A11E13EA900D3A80E /* DBRestClient.m */ = {isa = PBXFileReference; fileEncoding = 4; lastKnownFileType = sourcecode.c.objc; path = DBRestClient.m; sourceTree = "<group>"; };
		D3432C4B11E13EA900D3A80E /* DBSession.h */ = {isa = PBXFileReference; fileEncoding = 4; lastKnownFileType = sourcecode.c.h; path = DBSession.h; sourceTree = "<group>"; };
		D3432C4C11E13EA900D3A80E /* DBSession.m */ = {isa = PBXFileReference; fileEncoding = 4; lastKnownFileType = sourcecode.c.objc; path = DBSession.m; sourceTree = "<group>"; };
		D3432C4E11E13EA900D3A80E /* JSON.h */ = {isa = PBXFileReference; fileEncoding = 4; lastKnownFileType = sourcecode.c.h; path = JSON.h; sourceTree = "<group>"; };
		D3432C4F11E13EA900D3A80E /* NSObject+SBJSON.h */ = {isa = PBXFileReference; fileEncoding = 4; lastKnownFileType = sourcecode.c.h; path = "NSObject+SBJSON.h"; sourceTree = "<group>"; };
		D3432C5011E13EA900D3A80E /* NSObject+SBJSON.m */ = {isa = PBXFileReference; fileEncoding = 4; lastKnownFileType = sourcecode.c.objc; path = "NSObject+SBJSON.m"; sourceTree = "<group>"; };
		D3432C5111E13EA900D3A80E /* NSString+SBJSON.h */ = {isa = PBXFileReference; fileEncoding = 4; lastKnownFileType = sourcecode.c.h; path = "NSString+SBJSON.h"; sourceTree = "<group>"; };
		D3432C5211E13EA900D3A80E /* NSString+SBJSON.m */ = {isa = PBXFileReference; fileEncoding = 4; lastKnownFileType = sourcecode.c.objc; path = "NSString+SBJSON.m"; sourceTree = "<group>"; };
		D3432C5311E13EA900D3A80E /* SBJSON.h */ = {isa = PBXFileReference; fileEncoding = 4; lastKnownFileType = sourcecode.c.h; path = SBJSON.h; sourceTree = "<group>"; };
		D3432C5411E13EA900D3A80E /* SBJSON.m */ = {isa = PBXFileReference; fileEncoding = 4; lastKnownFileType = sourcecode.c.objc; path = SBJSON.m; sourceTree = "<group>"; };
		D3432C5511E13EA900D3A80E /* SBJsonBase.h */ = {isa = PBXFileReference; fileEncoding = 4; lastKnownFileType = sourcecode.c.h; path = SBJsonBase.h; sourceTree = "<group>"; };
		D3432C5611E13EA900D3A80E /* SBJsonBase.m */ = {isa = PBXFileReference; fileEncoding = 4; lastKnownFileType = sourcecode.c.objc; path = SBJsonBase.m; sourceTree = "<group>"; };
		D3432C5711E13EA900D3A80E /* SBJsonParser.h */ = {isa = PBXFileReference; fileEncoding = 4; lastKnownFileType = sourcecode.c.h; path = SBJsonParser.h; sourceTree = "<group>"; };
		D3432C5811E13EA900D3A80E /* SBJsonParser.m */ = {isa = PBXFileReference; fileEncoding = 4; lastKnownFileType = sourcecode.c.objc; path = SBJsonParser.m; sourceTree = "<group>"; };
		D3432C5911E13EA900D3A80E /* SBJsonWriter.h */ = {isa = PBXFileReference; fileEncoding = 4; lastKnownFileType = sourcecode.c.h; path = SBJsonWriter.h; sourceTree = "<group>"; };
		D3432C5A11E13EA900D3A80E /* SBJsonWriter.m */ = {isa = PBXFileReference; fileEncoding = 4; lastKnownFileType = sourcecode.c.objc; path = SBJsonWriter.m; sourceTree = "<group>"; };
		D3432C5D11E13EA900D3A80E /* Base64Transcoder.c */ = {isa = PBXFileReference; fileEncoding = 4; lastKnownFileType = sourcecode.c.c; path = Base64Transcoder.c; sourceTree = "<group>"; };
		D3432C5E11E13EA900D3A80E /* Base64Transcoder.h */ = {isa = PBXFileReference; fileEncoding = 4; lastKnownFileType = sourcecode.c.h; path = Base64Transcoder.h; sourceTree = "<group>"; };
		D3432C5F11E13EA900D3A80E /* MPDebug.h */ = {isa = PBXFileReference; fileEncoding = 4; lastKnownFileType = sourcecode.c.h; path = MPDebug.h; sourceTree = "<group>"; };
		D3432C6011E13EA900D3A80E /* MPOAuth.h */ = {isa = PBXFileReference; fileEncoding = 4; lastKnownFileType = sourcecode.c.h; path = MPOAuth.h; sourceTree = "<group>"; };
		D3432C6111E13EA900D3A80E /* MPOAuthAPI.h */ = {isa = PBXFileReference; fileEncoding = 4; lastKnownFileType = sourcecode.c.h; path = MPOAuthAPI.h; sourceTree = "<group>"; };
		D3432C6211E13EA900D3A80E /* MPOAuthAPI.m */ = {isa = PBXFileReference; fileEncoding = 4; lastKnownFileType = sourcecode.c.objc; path = MPOAuthAPI.m; sourceTree = "<group>"; };
		D3432C6311E13EA900D3A80E /* MPOAuthAPIRequestLoader.h */ = {isa = PBXFileReference; fileEncoding = 4; lastKnownFileType = sourcecode.c.h; path = MPOAuthAPIRequestLoader.h; sourceTree = "<group>"; };
		D3432C6411E13EA900D3A80E /* MPOAuthAPIRequestLoader.m */ = {isa = PBXFileReference; fileEncoding = 4; lastKnownFileType = sourcecode.c.objc; path = MPOAuthAPIRequestLoader.m; sourceTree = "<group>"; };
		D3432C6511E13EA900D3A80E /* MPOAuthAuthenticationMethod.h */ = {isa = PBXFileReference; fileEncoding = 4; lastKnownFileType = sourcecode.c.h; path = MPOAuthAuthenticationMethod.h; sourceTree = "<group>"; };
		D3432C6611E13EA900D3A80E /* MPOAuthAuthenticationMethod.m */ = {isa = PBXFileReference; fileEncoding = 4; lastKnownFileType = sourcecode.c.objc; path = MPOAuthAuthenticationMethod.m; sourceTree = "<group>"; };
		D3432C6711E13EA900D3A80E /* MPOAuthAuthenticationMethodOAuth.h */ = {isa = PBXFileReference; fileEncoding = 4; lastKnownFileType = sourcecode.c.h; path = MPOAuthAuthenticationMethodOAuth.h; sourceTree = "<group>"; };
		D3432C6811E13EA900D3A80E /* MPOAuthAuthenticationMethodOAuth.m */ = {isa = PBXFileReference; fileEncoding = 4; lastKnownFileType = sourcecode.c.objc; path = MPOAuthAuthenticationMethodOAuth.m; sourceTree = "<group>"; };
		D3432C6911E13EA900D3A80E /* MPOAuthConnection.h */ = {isa = PBXFileReference; fileEncoding = 4; lastKnownFileType = sourcecode.c.h; path = MPOAuthConnection.h; sourceTree = "<group>"; };
		D3432C6A11E13EA900D3A80E /* MPOAuthConnection.m */ = {isa = PBXFileReference; fileEncoding = 4; lastKnownFileType = sourcecode.c.objc; path = MPOAuthConnection.m; sourceTree = "<group>"; };
		D3432C6B11E13EA900D3A80E /* MPOAuthCredentiaIConcreteStore+KeychainAdditionsMac.m */ = {isa = PBXFileReference; fileEncoding = 4; lastKnownFileType = sourcecode.c.objc; path = "MPOAuthCredentiaIConcreteStore+KeychainAdditionsMac.m"; sourceTree = "<group>"; };
		D3432C6C11E13EA900D3A80E /* MPOAuthCredentialConcreteStore+KeychainAdditions.h */ = {isa = PBXFileReference; fileEncoding = 4; lastKnownFileType = sourcecode.c.h; path = "MPOAuthCredentialConcreteStore+KeychainAdditions.h"; sourceTree = "<group>"; };
		D3432C6D11E13EA900D3A80E /* MPOAuthCredentialConcreteStore+KeychainAdditionsiPhone.m */ = {isa = PBXFileReference; fileEncoding = 4; lastKnownFileType = sourcecode.c.objc; path = "MPOAuthCredentialConcreteStore+KeychainAdditionsiPhone.m"; sourceTree = "<group>"; };
		D3432C6E11E13EA900D3A80E /* MPOAuthCredentialConcreteStore.h */ = {isa = PBXFileReference; fileEncoding = 4; lastKnownFileType = sourcecode.c.h; path = MPOAuthCredentialConcreteStore.h; sourceTree = "<group>"; };
		D3432C6F11E13EA900D3A80E /* MPOAuthCredentialConcreteStore.m */ = {isa = PBXFileReference; fileEncoding = 4; lastKnownFileType = sourcecode.c.objc; path = MPOAuthCredentialConcreteStore.m; sourceTree = "<group>"; };
		D3432C7011E13EA900D3A80E /* MPOAuthCredentialStore.h */ = {isa = PBXFileReference; fileEncoding = 4; lastKnownFileType = sourcecode.c.h; path = MPOAuthCredentialStore.h; sourceTree = "<group>"; };
		D3432C7111E13EA900D3A80E /* MPOAuthParameterFactory.h */ = {isa = PBXFileReference; fileEncoding = 4; lastKnownFileType = sourcecode.c.h; path = MPOAuthParameterFactory.h; sourceTree = "<group>"; };
		D3432C7211E13EA900D3A80E /* MPOAuthSignatureParameter.h */ = {isa = PBXFileReference; fileEncoding = 4; lastKnownFileType = sourcecode.c.h; path = MPOAuthSignatureParameter.h; sourceTree = "<group>"; };
		D3432C7311E13EA900D3A80E /* MPOAuthSignatureParameter.m */ = {isa = PBXFileReference; fileEncoding = 4; lastKnownFileType = sourcecode.c.objc; path = MPOAuthSignatureParameter.m; sourceTree = "<group>"; };
		D3432C7411E13EA900D3A80E /* MPOAuthSignatureParameter.m.orig */ = {isa = PBXFileReference; fileEncoding = 4; lastKnownFileType = text; path = MPOAuthSignatureParameter.m.orig; sourceTree = "<group>"; };
		D3432C7511E13EA900D3A80E /* MPOAuthURLRequest.h */ = {isa = PBXFileReference; fileEncoding = 4; lastKnownFileType = sourcecode.c.h; path = MPOAuthURLRequest.h; sourceTree = "<group>"; };
		D3432C7611E13EA900D3A80E /* MPOAuthURLRequest.m */ = {isa = PBXFileReference; fileEncoding = 4; lastKnownFileType = sourcecode.c.objc; path = MPOAuthURLRequest.m; sourceTree = "<group>"; };
		D3432C7711E13EA900D3A80E /* MPOAuthURLResponse.h */ = {isa = PBXFileReference; fileEncoding = 4; lastKnownFileType = sourcecode.c.h; path = MPOAuthURLResponse.h; sourceTree = "<group>"; };
		D3432C7811E13EA900D3A80E /* MPOAuthURLResponse.m */ = {isa = PBXFileReference; fileEncoding = 4; lastKnownFileType = sourcecode.c.objc; path = MPOAuthURLResponse.m; sourceTree = "<group>"; };
		D3432C7911E13EA900D3A80E /* MPURLRequestParameter.h */ = {isa = PBXFileReference; fileEncoding = 4; lastKnownFileType = sourcecode.c.h; path = MPURLRequestParameter.h; sourceTree = "<group>"; };
		D3432C7A11E13EA900D3A80E /* MPURLRequestParameter.m */ = {isa = PBXFileReference; fileEncoding = 4; lastKnownFileType = sourcecode.c.objc; path = MPURLRequestParameter.m; sourceTree = "<group>"; };
		D3432C7B11E13EA900D3A80E /* NSString+URLEscapingAdditions.h */ = {isa = PBXFileReference; fileEncoding = 4; lastKnownFileType = sourcecode.c.h; path = "NSString+URLEscapingAdditions.h"; sourceTree = "<group>"; };
		D3432C7C11E13EA900D3A80E /* NSString+URLEscapingAdditions.m */ = {isa = PBXFileReference; fileEncoding = 4; lastKnownFileType = sourcecode.c.objc; path = "NSString+URLEscapingAdditions.m"; sourceTree = "<group>"; };
		D3432C7D11E13EA900D3A80E /* NSURL+MPURLParameterAdditions.h */ = {isa = PBXFileReference; fileEncoding = 4; lastKnownFileType = sourcecode.c.h; path = "NSURL+MPURLParameterAdditions.h"; sourceTree = "<group>"; };
		D3432C7E11E13EA900D3A80E /* NSURL+MPURLParameterAdditions.m */ = {isa = PBXFileReference; fileEncoding = 4; lastKnownFileType = sourcecode.c.objc; path = "NSURL+MPURLParameterAdditions.m"; sourceTree = "<group>"; };
		D3432C7F11E13EA900D3A80E /* NSURLResponse+Encoding.h */ = {isa = PBXFileReference; fileEncoding = 4; lastKnownFileType = sourcecode.c.h; path = "NSURLResponse+Encoding.h"; sourceTree = "<group>"; };
		D3432C8011E13EA900D3A80E /* NSURLResponse+Encoding.m */ = {isa = PBXFileReference; fileEncoding = 4; lastKnownFileType = sourcecode.c.objc; path = "NSURLResponse+Encoding.m"; sourceTree = "<group>"; };
		D3432C9D11E13EFA00D3A80E /* DBConfig.h */ = {isa = PBXFileReference; fileEncoding = 4; lastKnownFileType = sourcecode.c.h; path = DBConfig.h; sourceTree = "<group>"; };
		D37868AE11E141D50069B42D /* Security.framework */ = {isa = PBXFileReference; lastKnownFileType = wrapper.framework; name = Security.framework; path = System/Library/Frameworks/Security.framework; sourceTree = SDKROOT; };
		D37868B811E142820069B42D /* DBUploader.h */ = {isa = PBXFileReference; fileEncoding = 4; lastKnownFileType = sourcecode.c.h; path = DBUploader.h; sourceTree = "<group>"; };
		D37868B911E142820069B42D /* DBUploader.m */ = {isa = PBXFileReference; fileEncoding = 4; lastKnownFileType = sourcecode.c.objc; path = DBUploader.m; sourceTree = "<group>"; };
		D3786A6D11E16C710069B42D /* MBProgressHUD.h */ = {isa = PBXFileReference; fileEncoding = 4; lastKnownFileType = sourcecode.c.h; path = MBProgressHUD.h; sourceTree = "<group>"; };
		D3786A6E11E16C710069B42D /* MBProgressHUD.m */ = {isa = PBXFileReference; fileEncoding = 4; lastKnownFileType = sourcecode.c.objc; path = MBProgressHUD.m; sourceTree = "<group>"; };
		D3D9828F11D6A03000E14C3D /* gear.png */ = {isa = PBXFileReference; lastKnownFileType = image.png; path = gear.png; sourceTree = "<group>"; };
		D3D9834811D6B29C00E14C3D /* SettingsViewController.h */ = {isa = PBXFileReference; fileEncoding = 4; lastKnownFileType = sourcecode.c.h; path = SettingsViewController.h; sourceTree = "<group>"; };
		D3D9834911D6B29C00E14C3D /* SettingsViewController.m */ = {isa = PBXFileReference; fileEncoding = 4; lastKnownFileType = sourcecode.c.objc; path = SettingsViewController.m; sourceTree = "<group>"; };
		D3D9834A11D6B29C00E14C3D /* SettingsViewController.xib */ = {isa = PBXFileReference; lastKnownFileType = file.xib; name = SettingsViewController.xib; path = Classes/SettingsViewController.xib; sourceTree = "<group>"; };
/* End PBXFileReference section */

/* Begin PBXFrameworksBuildPhase section */
		1D60588F0D05DD3D006BFB54 /* Frameworks */ = {
			isa = PBXFrameworksBuildPhase;
			buildActionMask = 2147483647;
			files = (
				1D60589F0D05DD5A006BFB54 /* Foundation.framework in Frameworks */,
				1DF5F4E00D08C38300B7A737 /* UIKit.framework in Frameworks */,
				2892E4100DC94CBA00A64D0F /* CoreGraphics.framework in Frameworks */,
				D37868AF11E141D50069B42D /* Security.framework in Frameworks */,
			);
			runOnlyForDeploymentPostprocessing = 0;
		};
/* End PBXFrameworksBuildPhase section */

/* Begin PBXGroup section */
		080E96DDFE201D6D7F000001 /* Classes */ = {
			isa = PBXGroup;
			children = (
				28C286DF0D94DF7D0034E888 /* RootViewController.h */,
				28C286E00D94DF7D0034E888 /* RootViewController.m */,
				1D3623240D0F684500981E51 /* TorrentBoxAppDelegate.h */,
				1D3623250D0F684500981E51 /* TorrentBoxAppDelegate.m */,
				D3D9834811D6B29C00E14C3D /* SettingsViewController.h */,
				D3D9834911D6B29C00E14C3D /* SettingsViewController.m */,
				D37868B811E142820069B42D /* DBUploader.h */,
				D37868B911E142820069B42D /* DBUploader.m */,
			);
			path = Classes;
			sourceTree = "<group>";
		};
		19C28FACFE9D520D11CA2CBB /* Products */ = {
			isa = PBXGroup;
			children = (
				1D6058910D05DD3D006BFB54 /* TorrentBox.app */,
			);
			name = Products;
			sourceTree = "<group>";
		};
		29B97314FDCFA39411CA2CEA /* CustomTemplate */ = {
			isa = PBXGroup;
			children = (
				080E96DDFE201D6D7F000001 /* Classes */,
				D3432C4611E13EA900D3A80E /* DropboxSDK */,
				D3786A6C11E16C540069B42D /* MBProgressHUD */,
				29B97315FDCFA39411CA2CEA /* Other Sources */,
				29B97317FDCFA39411CA2CEA /* Resources */,
				29B97323FDCFA39411CA2CEA /* Frameworks */,
				19C28FACFE9D520D11CA2CBB /* Products */,
			);
			name = CustomTemplate;
			sourceTree = "<group>";
		};
		29B97315FDCFA39411CA2CEA /* Other Sources */ = {
			isa = PBXGroup;
			children = (
				28A0AAE50D9B0CCF005BE974 /* TorrentBox_Prefix.pch */,
				29B97316FDCFA39411CA2CEA /* main.m */,
			);
			name = "Other Sources";
			sourceTree = "<group>";
		};
		29B97317FDCFA39411CA2CEA /* Resources */ = {
			isa = PBXGroup;
			children = (
				D3D9828F11D6A03000E14C3D /* gear.png */,
				D3D9834A11D6B29C00E14C3D /* SettingsViewController.xib */,
				28F335F01007B36200424DE2 /* RootViewController.xib */,
				28AD735F0D9D9599002E5188 /* MainWindow.xib */,
				8D1107310486CEB800E47090 /* TorrentBox-Info.plist */,
			);
			name = Resources;
			sourceTree = "<group>";
		};
		29B97323FDCFA39411CA2CEA /* Frameworks */ = {
			isa = PBXGroup;
			children = (
				1DF5F4DF0D08C38300B7A737 /* UIKit.framework */,
				1D30AB110D05D00D00671497 /* Foundation.framework */,
				2892E40F0DC94CBA00A64D0F /* CoreGraphics.framework */,
				D37868AE11E141D50069B42D /* Security.framework */,
			);
			name = Frameworks;
			sourceTree = "<group>";
		};
		D3432C4611E13EA900D3A80E /* DropboxSDK */ = {
			isa = PBXGroup;
			children = (
				D3432C9D11E13EFA00D3A80E /* DBConfig.h */,
				D3432C4711E13EA900D3A80E /* DBRequest.h */,
				D3432C4811E13EA900D3A80E /* DBRequest.m */,
				D3432C4911E13EA900D3A80E /* DBRestClient.h */,
				D3432C4A11E13EA900D3A80E /* DBRestClient.m */,
				D3432C4B11E13EA900D3A80E /* DBSession.h */,
				D3432C4C11E13EA900D3A80E /* DBSession.m */,
				D3432C4D11E13EA900D3A80E /* JSON */,
				D3432C5B11E13EA900D3A80E /* MPOAuth */,
			);
			path = DropboxSDK;
			sourceTree = "<group>";
		};
		D3432C4D11E13EA900D3A80E /* JSON */ = {
			isa = PBXGroup;
			children = (
				D3432C4E11E13EA900D3A80E /* JSON.h */,
				D3432C4F11E13EA900D3A80E /* NSObject+SBJSON.h */,
				D3432C5011E13EA900D3A80E /* NSObject+SBJSON.m */,
				D3432C5111E13EA900D3A80E /* NSString+SBJSON.h */,
				D3432C5211E13EA900D3A80E /* NSString+SBJSON.m */,
				D3432C5311E13EA900D3A80E /* SBJSON.h */,
				D3432C5411E13EA900D3A80E /* SBJSON.m */,
				D3432C5511E13EA900D3A80E /* SBJsonBase.h */,
				D3432C5611E13EA900D3A80E /* SBJsonBase.m */,
				D3432C5711E13EA900D3A80E /* SBJsonParser.h */,
				D3432C5811E13EA900D3A80E /* SBJsonParser.m */,
				D3432C5911E13EA900D3A80E /* SBJsonWriter.h */,
				D3432C5A11E13EA900D3A80E /* SBJsonWriter.m */,
			);
			path = JSON;
			sourceTree = "<group>";
		};
		D3432C5B11E13EA900D3A80E /* MPOAuth */ = {
			isa = PBXGroup;
			children = (
				D3432C5C11E13EA900D3A80E /* Crypto */,
				D3432C5F11E13EA900D3A80E /* MPDebug.h */,
				D3432C6011E13EA900D3A80E /* MPOAuth.h */,
				D3432C6111E13EA900D3A80E /* MPOAuthAPI.h */,
				D3432C6211E13EA900D3A80E /* MPOAuthAPI.m */,
				D3432C6311E13EA900D3A80E /* MPOAuthAPIRequestLoader.h */,
				D3432C6411E13EA900D3A80E /* MPOAuthAPIRequestLoader.m */,
				D3432C6511E13EA900D3A80E /* MPOAuthAuthenticationMethod.h */,
				D3432C6611E13EA900D3A80E /* MPOAuthAuthenticationMethod.m */,
				D3432C6711E13EA900D3A80E /* MPOAuthAuthenticationMethodOAuth.h */,
				D3432C6811E13EA900D3A80E /* MPOAuthAuthenticationMethodOAuth.m */,
				D3432C6911E13EA900D3A80E /* MPOAuthConnection.h */,
				D3432C6A11E13EA900D3A80E /* MPOAuthConnection.m */,
				D3432C6B11E13EA900D3A80E /* MPOAuthCredentiaIConcreteStore+KeychainAdditionsMac.m */,
				D3432C6C11E13EA900D3A80E /* MPOAuthCredentialConcreteStore+KeychainAdditions.h */,
				D3432C6D11E13EA900D3A80E /* MPOAuthCredentialConcreteStore+KeychainAdditionsiPhone.m */,
				D3432C6E11E13EA900D3A80E /* MPOAuthCredentialConcreteStore.h */,
				D3432C6F11E13EA900D3A80E /* MPOAuthCredentialConcreteStore.m */,
				D3432C7011E13EA900D3A80E /* MPOAuthCredentialStore.h */,
				D3432C7111E13EA900D3A80E /* MPOAuthParameterFactory.h */,
				D3432C7211E13EA900D3A80E /* MPOAuthSignatureParameter.h */,
				D3432C7311E13EA900D3A80E /* MPOAuthSignatureParameter.m */,
				D3432C7411E13EA900D3A80E /* MPOAuthSignatureParameter.m.orig */,
				D3432C7511E13EA900D3A80E /* MPOAuthURLRequest.h */,
				D3432C7611E13EA900D3A80E /* MPOAuthURLRequest.m */,
				D3432C7711E13EA900D3A80E /* MPOAuthURLResponse.h */,
				D3432C7811E13EA900D3A80E /* MPOAuthURLResponse.m */,
				D3432C7911E13EA900D3A80E /* MPURLRequestParameter.h */,
				D3432C7A11E13EA900D3A80E /* MPURLRequestParameter.m */,
				D3432C7B11E13EA900D3A80E /* NSString+URLEscapingAdditions.h */,
				D3432C7C11E13EA900D3A80E /* NSString+URLEscapingAdditions.m */,
				D3432C7D11E13EA900D3A80E /* NSURL+MPURLParameterAdditions.h */,
				D3432C7E11E13EA900D3A80E /* NSURL+MPURLParameterAdditions.m */,
				D3432C7F11E13EA900D3A80E /* NSURLResponse+Encoding.h */,
				D3432C8011E13EA900D3A80E /* NSURLResponse+Encoding.m */,
			);
			path = MPOAuth;
			sourceTree = "<group>";
		};
		D3432C5C11E13EA900D3A80E /* Crypto */ = {
			isa = PBXGroup;
			children = (
				D3432C5D11E13EA900D3A80E /* Base64Transcoder.c */,
				D3432C5E11E13EA900D3A80E /* Base64Transcoder.h */,
			);
			path = Crypto;
			sourceTree = "<group>";
		};
		D3786A6C11E16C540069B42D /* MBProgressHUD */ = {
			isa = PBXGroup;
			children = (
				D3786A6D11E16C710069B42D /* MBProgressHUD.h */,
				D3786A6E11E16C710069B42D /* MBProgressHUD.m */,
			);
			name = MBProgressHUD;
			path = Classes;
			sourceTree = "<group>";
		};
/* End PBXGroup section */

/* Begin PBXNativeTarget section */
		1D6058900D05DD3D006BFB54 /* TorrentBox */ = {
			isa = PBXNativeTarget;
			buildConfigurationList = 1D6058960D05DD3E006BFB54 /* Build configuration list for PBXNativeTarget "TorrentBox" */;
			buildPhases = (
				1D60588D0D05DD3D006BFB54 /* Resources */,
				1D60588E0D05DD3D006BFB54 /* Sources */,
				1D60588F0D05DD3D006BFB54 /* Frameworks */,
			);
			buildRules = (
			);
			dependencies = (
			);
			name = TorrentBox;
			productName = TorrentBox;
			productReference = 1D6058910D05DD3D006BFB54 /* TorrentBox.app */;
			productType = "com.apple.product-type.application";
		};
/* End PBXNativeTarget section */

/* Begin PBXProject section */
		29B97313FDCFA39411CA2CEA /* Project object */ = {
			isa = PBXProject;
			buildConfigurationList = C01FCF4E08A954540054247B /* Build configuration list for PBXProject "TorrentBox" */;
			compatibilityVersion = "Xcode 3.1";
			hasScannedForEncodings = 1;
			knownRegions = (
				English,
				Japanese,
				French,
				German,
				en,
			);
			mainGroup = 29B97314FDCFA39411CA2CEA /* CustomTemplate */;
			projectDirPath = "";
			projectRoot = "";
			targets = (
				1D6058900D05DD3D006BFB54 /* TorrentBox */,
			);
		};
/* End PBXProject section */

/* Begin PBXResourcesBuildPhase section */
		1D60588D0D05DD3D006BFB54 /* Resources */ = {
			isa = PBXResourcesBuildPhase;
			buildActionMask = 2147483647;
			files = (
				28AD73600D9D9599002E5188 /* MainWindow.xib in Resources */,
				28F335F11007B36200424DE2 /* RootViewController.xib in Resources */,
				D3D9829011D6A03000E14C3D /* gear.png in Resources */,
				D3D9834C11D6B29C00E14C3D /* SettingsViewController.xib in Resources */,
				D3432C9411E13EA900D3A80E /* MPOAuthSignatureParameter.m.orig in Resources */,
			);
			runOnlyForDeploymentPostprocessing = 0;
		};
/* End PBXResourcesBuildPhase section */

/* Begin PBXSourcesBuildPhase section */
		1D60588E0D05DD3D006BFB54 /* Sources */ = {
			isa = PBXSourcesBuildPhase;
			buildActionMask = 2147483647;
			files = (
				1D60589B0D05DD56006BFB54 /* main.m in Sources */,
				1D3623260D0F684500981E51 /* TorrentBoxAppDelegate.m in Sources */,
				28C286E10D94DF7D0034E888 /* RootViewController.m in Sources */,
				D3D9834B11D6B29C00E14C3D /* SettingsViewController.m in Sources */,
				D3432C8111E13EA900D3A80E /* DBRequest.m in Sources */,
				D3432C8211E13EA900D3A80E /* DBRestClient.m in Sources */,
				D3432C8311E13EA900D3A80E /* DBSession.m in Sources */,
				D3432C8411E13EA900D3A80E /* NSObject+SBJSON.m in Sources */,
				D3432C8511E13EA900D3A80E /* NSString+SBJSON.m in Sources */,
				D3432C8611E13EA900D3A80E /* SBJSON.m in Sources */,
				D3432C8711E13EA900D3A80E /* SBJsonBase.m in Sources */,
				D3432C8811E13EA900D3A80E /* SBJsonParser.m in Sources */,
				D3432C8911E13EA900D3A80E /* SBJsonWriter.m in Sources */,
				D3432C8A11E13EA900D3A80E /* Base64Transcoder.c in Sources */,
				D3432C8B11E13EA900D3A80E /* MPOAuthAPI.m in Sources */,
				D3432C8C11E13EA900D3A80E /* MPOAuthAPIRequestLoader.m in Sources */,
				D3432C8D11E13EA900D3A80E /* MPOAuthAuthenticationMethod.m in Sources */,
				D3432C8E11E13EA900D3A80E /* MPOAuthAuthenticationMethodOAuth.m in Sources */,
				D3432C8F11E13EA900D3A80E /* MPOAuthConnection.m in Sources */,
				D3432C9011E13EA900D3A80E /* MPOAuthCredentiaIConcreteStore+KeychainAdditionsMac.m in Sources */,
				D3432C9111E13EA900D3A80E /* MPOAuthCredentialConcreteStore+KeychainAdditionsiPhone.m in Sources */,
				D3432C9211E13EA900D3A80E /* MPOAuthCredentialConcreteStore.m in Sources */,
				D3432C9311E13EA900D3A80E /* MPOAuthSignatureParameter.m in Sources */,
				D3432C9511E13EA900D3A80E /* MPOAuthURLRequest.m in Sources */,
				D3432C9611E13EA900D3A80E /* MPOAuthURLResponse.m in Sources */,
				D3432C9711E13EA900D3A80E /* MPURLRequestParameter.m in Sources */,
				D3432C9811E13EA900D3A80E /* NSString+URLEscapingAdditions.m in Sources */,
				D3432C9911E13EA900D3A80E /* NSURL+MPURLParameterAdditions.m in Sources */,
				D3432C9A11E13EA900D3A80E /* NSURLResponse+Encoding.m in Sources */,
				D37868BA11E142820069B42D /* DBUploader.m in Sources */,
				D3786A6F11E16C710069B42D /* MBProgressHUD.m in Sources */,
			);
			runOnlyForDeploymentPostprocessing = 0;
		};
/* End PBXSourcesBuildPhase section */

/* Begin XCBuildConfiguration section */
		1D6058940D05DD3E006BFB54 /* Debug */ = {
			isa = XCBuildConfiguration;
			buildSettings = {
				ALWAYS_SEARCH_USER_PATHS = NO;
				COPY_PHASE_STRIP = NO;
				GCC_DYNAMIC_NO_PIC = NO;
				GCC_OPTIMIZATION_LEVEL = 0;
				GCC_PRECOMPILE_PREFIX_HEADER = YES;
				GCC_PREFIX_HEADER = TorrentBox_Prefix.pch;
				INFOPLIST_FILE = "TorrentBox-Info.plist";
				PRODUCT_NAME = TorrentBox;
				SDKROOT = iphoneos3.2;
				TARGETED_DEVICE_FAMILY = "1,2";
			};
			name = Debug;
		};
		1D6058950D05DD3E006BFB54 /* Release */ = {
			isa = XCBuildConfiguration;
			buildSettings = {
				ALWAYS_SEARCH_USER_PATHS = NO;
				"CODE_SIGN_IDENTITY[sdk=iphoneos*]" = "iPhone Developer";
				COPY_PHASE_STRIP = YES;
				GCC_PRECOMPILE_PREFIX_HEADER = YES;
				GCC_PREFIX_HEADER = TorrentBox_Prefix.pch;
				INFOPLIST_FILE = "TorrentBox-Info.plist";
				PRODUCT_NAME = TorrentBox;
				"PROVISIONING_PROFILE[sdk=iphoneos*]" = "";
				SDKROOT = iphoneos3.2;
				TARGETED_DEVICE_FAMILY = 2;
				VALIDATE_PRODUCT = YES;
			};
			name = Release;
		};
		C01FCF4F08A954540054247B /* Debug */ = {
			isa = XCBuildConfiguration;
			buildSettings = {
				ARCHS = "$(ARCHS_STANDARD_32_BIT)";
				"CODE_SIGN_IDENTITY[sdk=iphoneos*]" = "iPhone Developer";
				GCC_C_LANGUAGE_STANDARD = c99;
				GCC_WARN_ABOUT_RETURN_TYPE = YES;
				GCC_WARN_UNUSED_VARIABLE = YES;
				PREBINDING = NO;
				SDKROOT = iphoneos3.1.3;
			};
			name = Debug;
		};
		C01FCF5008A954540054247B /* Release */ = {
			isa = XCBuildConfiguration;
			buildSettings = {
				ARCHS = "$(ARCHS_STANDARD_32_BIT)";
				"CODE_SIGN_IDENTITY[sdk=iphoneos*]" = "iPhone Developer";
				GCC_C_LANGUAGE_STANDARD = c99;
				GCC_WARN_ABOUT_RETURN_TYPE = YES;
				GCC_WARN_UNUSED_VARIABLE = YES;
				OTHER_CFLAGS = "-DNS_BLOCK_ASSERTIONS=1";
				PREBINDING = NO;
				SDKROOT = iphoneos3.1.3;
			};
			name = Release;
		};
/* End XCBuildConfiguration section */

/* Begin XCConfigurationList section */
		1D6058960D05DD3E006BFB54 /* Build configuration list for PBXNativeTarget "TorrentBox" */ = {
			isa = XCConfigurationList;
			buildConfigurations = (
				1D6058940D05DD3E006BFB54 /* Debug */,
				1D6058950D05DD3E006BFB54 /* Release */,
			);
			defaultConfigurationIsVisible = 0;
			defaultConfigurationName = Release;
		};
		C01FCF4E08A954540054247B /* Build configuration list for PBXProject "TorrentBox" */ = {
			isa = XCConfigurationList;
			buildConfigurations = (
				C01FCF4F08A954540054247B /* Debug */,
				C01FCF5008A954540054247B /* Release */,
			);
			defaultConfigurationIsVisible = 0;
			defaultConfigurationName = Release;
		};
/* End XCConfigurationList section */
	};
	rootObject = 29B97313FDCFA39411CA2CEA /* Project object */;
}
