// !$*UTF8*$!
{
	archiveVersion = 1;
	classes = {
	};
	objectVersion = 45;
	objects = {

/* Begin PBXBuildFile section */
		1D3623260D0F684500981E51 /* TorrentBoxAppDelegate.m in Sources */ = {isa = PBXBuildFile; fileRef = 1D3623250D0F684500981E51 /* TorrentBoxAppDelegate.m */; };
		1D60589B0D05DD56006BFB54 /* main.m in Sources */ = {isa = PBXBuildFile; fileRef = 29B97316FDCFA39411CA2CEA /* main.m */; };
		1D60589F0D05DD5A006BFB54 /* Foundation.framework in Frameworks */ = {isa = PBXBuildFile; fileRef = 1D30AB110D05D00D00671497 /* Foundation.framework */; };
		1DF5F4E00D08C38300B7A737 /* UIKit.framework in Frameworks */ = {isa = PBXBuildFile; fileRef = 1DF5F4DF0D08C38300B7A737 /* UIKit.framework */; };
		2892E4100DC94CBA00A64D0F /* CoreGraphics.framework in Frameworks */ = {isa = PBXBuildFile; fileRef = 2892E40F0DC94CBA00A64D0F /* CoreGraphics.framework */; };
		28AD73600D9D9599002E5188 /* MainWindow.xib in Resources */ = {isa = PBXBuildFile; fileRef = 28AD735F0D9D9599002E5188 /* MainWindow.xib */; };
		28C286E10D94DF7D0034E888 /* RootViewController.m in Sources */ = {isa = PBXBuildFile; fileRef = 28C286E00D94DF7D0034E888 /* RootViewController.m */; };
		28F335F11007B36200424DE2 /* RootViewController.xib in Resources */ = {isa = PBXBuildFile; fileRef = 28F335F01007B36200424DE2 /* RootViewController.xib */; };
		D37868AF11E141D50069B42D /* Security.framework in Frameworks */ = {isa = PBXBuildFile; fileRef = D37868AE11E141D50069B42D /* Security.framework */; };
		D37868BA11E142820069B42D /* DBUploader.m in Sources */ = {isa = PBXBuildFile; fileRef = D37868B911E142820069B42D /* DBUploader.m */; };
		D3786A6F11E16C710069B42D /* MBProgressHUD.m in Sources */ = {isa = PBXBuildFile; fileRef = D3786A6E11E16C710069B42D /* MBProgressHUD.m */; };
		D39FE3FE122076B200ECCE7A /* Icon-512.png in Resources */ = {isa = PBXBuildFile; fileRef = D39FE3FD122076B200ECCE7A /* Icon-512.png */; };
		D39FE416122079FC00ECCE7A /* Icon-57.png in Resources */ = {isa = PBXBuildFile; fileRef = D39FE413122079FC00ECCE7A /* Icon-57.png */; };
		D39FE417122079FC00ECCE7A /* Icon-72.png in Resources */ = {isa = PBXBuildFile; fileRef = D39FE414122079FC00ECCE7A /* Icon-72.png */; };
		D39FE418122079FC00ECCE7A /* Icon-114.png in Resources */ = {isa = PBXBuildFile; fileRef = D39FE415122079FC00ECCE7A /* Icon-114.png */; };
		D3A338F4120F5A5A004F8CC3 /* DBAccountInfo.m in Sources */ = {isa = PBXBuildFile; fileRef = D3A338A1120F5A5A004F8CC3 /* DBAccountInfo.m */; };
		D3A338F5120F5A5A004F8CC3 /* DBCreateAccountController.m in Sources */ = {isa = PBXBuildFile; fileRef = D3A338A3120F5A5A004F8CC3 /* DBCreateAccountController.m */; };
		D3A338F6120F5A5A004F8CC3 /* DBLoadingView.m in Sources */ = {isa = PBXBuildFile; fileRef = D3A338A5120F5A5A004F8CC3 /* DBLoadingView.m */; };
		D3A338F7120F5A5A004F8CC3 /* DBLoginController.m in Sources */ = {isa = PBXBuildFile; fileRef = D3A338A7120F5A5A004F8CC3 /* DBLoginController.m */; };
		D3A338F8120F5A5A004F8CC3 /* DBMetadata.m in Sources */ = {isa = PBXBuildFile; fileRef = D3A338A9120F5A5A004F8CC3 /* DBMetadata.m */; };
		D3A338F9120F5A5A004F8CC3 /* DBQuota.m in Sources */ = {isa = PBXBuildFile; fileRef = D3A338AB120F5A5A004F8CC3 /* DBQuota.m */; };
		D3A338FA120F5A5A004F8CC3 /* DBRequest.m in Sources */ = {isa = PBXBuildFile; fileRef = D3A338AD120F5A5A004F8CC3 /* DBRequest.m */; };
		D3A338FB120F5A5A004F8CC3 /* DBRestClient.m in Sources */ = {isa = PBXBuildFile; fileRef = D3A338AF120F5A5A004F8CC3 /* DBRestClient.m */; };
		D3A338FC120F5A5A004F8CC3 /* DBSession.m in Sources */ = {isa = PBXBuildFile; fileRef = D3A338B1120F5A5A004F8CC3 /* DBSession.m */; };
		D3A338FD120F5A5A004F8CC3 /* NSObject+SBJSON.m in Sources */ = {isa = PBXBuildFile; fileRef = D3A338B6120F5A5A004F8CC3 /* NSObject+SBJSON.m */; };
		D3A338FE120F5A5A004F8CC3 /* NSString+SBJSON.m in Sources */ = {isa = PBXBuildFile; fileRef = D3A338B8120F5A5A004F8CC3 /* NSString+SBJSON.m */; };
		D3A338FF120F5A5A004F8CC3 /* SBJSON.m in Sources */ = {isa = PBXBuildFile; fileRef = D3A338BA120F5A5A004F8CC3 /* SBJSON.m */; };
		D3A33900120F5A5A004F8CC3 /* SBJsonBase.m in Sources */ = {isa = PBXBuildFile; fileRef = D3A338BC120F5A5A004F8CC3 /* SBJsonBase.m */; };
		D3A33901120F5A5A004F8CC3 /* SBJsonParser.m in Sources */ = {isa = PBXBuildFile; fileRef = D3A338BE120F5A5A004F8CC3 /* SBJsonParser.m */; };
		D3A33902120F5A5A004F8CC3 /* SBJsonWriter.m in Sources */ = {isa = PBXBuildFile; fileRef = D3A338C0120F5A5A004F8CC3 /* SBJsonWriter.m */; };
		D3A33903120F5A5A004F8CC3 /* Base64Transcoder.c in Sources */ = {isa = PBXBuildFile; fileRef = D3A338C3120F5A5A004F8CC3 /* Base64Transcoder.c */; };
		D3A33904120F5A5A004F8CC3 /* MPOAuthAPI.m in Sources */ = {isa = PBXBuildFile; fileRef = D3A338C8120F5A5A004F8CC3 /* MPOAuthAPI.m */; };
		D3A33905120F5A5A004F8CC3 /* MPOAuthAPIRequestLoader.m in Sources */ = {isa = PBXBuildFile; fileRef = D3A338CA120F5A5A004F8CC3 /* MPOAuthAPIRequestLoader.m */; };
		D3A33906120F5A5A004F8CC3 /* MPOAuthAuthenticationMethod.m in Sources */ = {isa = PBXBuildFile; fileRef = D3A338CC120F5A5A004F8CC3 /* MPOAuthAuthenticationMethod.m */; };
		D3A33907120F5A5A004F8CC3 /* MPOAuthAuthenticationMethodOAuth.m in Sources */ = {isa = PBXBuildFile; fileRef = D3A338CE120F5A5A004F8CC3 /* MPOAuthAuthenticationMethodOAuth.m */; };
		D3A33908120F5A5A004F8CC3 /* MPOAuthConnection.m in Sources */ = {isa = PBXBuildFile; fileRef = D3A338D0120F5A5A004F8CC3 /* MPOAuthConnection.m */; };
		D3A33909120F5A5A004F8CC3 /* MPOAuthCredentiaIConcreteStore+KeychainAdditionsMac.m in Sources */ = {isa = PBXBuildFile; fileRef = D3A338D1120F5A5A004F8CC3 /* MPOAuthCredentiaIConcreteStore+KeychainAdditionsMac.m */; };
		D3A3390A120F5A5A004F8CC3 /* MPOAuthCredentialConcreteStore+KeychainAdditionsiPhone.m in Sources */ = {isa = PBXBuildFile; fileRef = D3A338D3120F5A5A004F8CC3 /* MPOAuthCredentialConcreteStore+KeychainAdditionsiPhone.m */; };
		D3A3390B120F5A5A004F8CC3 /* MPOAuthCredentialConcreteStore.m in Sources */ = {isa = PBXBuildFile; fileRef = D3A338D5120F5A5A004F8CC3 /* MPOAuthCredentialConcreteStore.m */; };
		D3A3390C120F5A5A004F8CC3 /* MPOAuthSignatureParameter.m in Sources */ = {isa = PBXBuildFile; fileRef = D3A338D9120F5A5A004F8CC3 /* MPOAuthSignatureParameter.m */; };
		D3A3390D120F5A5A004F8CC3 /* MPOAuthURLRequest.m in Sources */ = {isa = PBXBuildFile; fileRef = D3A338DB120F5A5A004F8CC3 /* MPOAuthURLRequest.m */; };
		D3A3390E120F5A5A004F8CC3 /* MPOAuthURLResponse.m in Sources */ = {isa = PBXBuildFile; fileRef = D3A338DD120F5A5A004F8CC3 /* MPOAuthURLResponse.m */; };
		D3A3390F120F5A5A004F8CC3 /* MPURLRequestParameter.m in Sources */ = {isa = PBXBuildFile; fileRef = D3A338DF120F5A5A004F8CC3 /* MPURLRequestParameter.m */; };
		D3A33910120F5A5A004F8CC3 /* NSString+URLEscapingAdditions.m in Sources */ = {isa = PBXBuildFile; fileRef = D3A338E1120F5A5A004F8CC3 /* NSString+URLEscapingAdditions.m */; };
		D3A33911120F5A5A004F8CC3 /* NSURL+MPURLParameterAdditions.m in Sources */ = {isa = PBXBuildFile; fileRef = D3A338E3120F5A5A004F8CC3 /* NSURL+MPURLParameterAdditions.m */; };
		D3A33912120F5A5A004F8CC3 /* NSURLResponse+Encoding.m in Sources */ = {isa = PBXBuildFile; fileRef = D3A338E5120F5A5A004F8CC3 /* NSURLResponse+Encoding.m */; };
		D3A33913120F5A5A004F8CC3 /* NSString+Dropbox.m in Sources */ = {isa = PBXBuildFile; fileRef = D3A338E7120F5A5A004F8CC3 /* NSString+Dropbox.m */; };
		D3A33914120F5A5A004F8CC3 /* db_background.png in Resources */ = {isa = PBXBuildFile; fileRef = D3A338E9120F5A5A004F8CC3 /* db_background.png */; };
		D3A33915120F5A5A004F8CC3 /* db_create_account.png in Resources */ = {isa = PBXBuildFile; fileRef = D3A338EA120F5A5A004F8CC3 /* db_create_account.png */; };
		D3A33916120F5A5A004F8CC3 /* db_create_account@2x.png in Resources */ = {isa = PBXBuildFile; fileRef = D3A338EB120F5A5A004F8CC3 /* db_create_account@2x.png */; };
		D3A33917120F5A5A004F8CC3 /* db_create_account_button.png in Resources */ = {isa = PBXBuildFile; fileRef = D3A338EC120F5A5A004F8CC3 /* db_create_account_button.png */; };
		D3A33918120F5A5A004F8CC3 /* db_create_account_button_down.png in Resources */ = {isa = PBXBuildFile; fileRef = D3A338ED120F5A5A004F8CC3 /* db_create_account_button_down.png */; };
		D3A33919120F5A5A004F8CC3 /* db_link_button.png in Resources */ = {isa = PBXBuildFile; fileRef = D3A338EE120F5A5A004F8CC3 /* db_link_button.png */; };
		D3A3391A120F5A5A004F8CC3 /* db_link_button_down.png in Resources */ = {isa = PBXBuildFile; fileRef = D3A338EF120F5A5A004F8CC3 /* db_link_button_down.png */; };
		D3A3391B120F5A5A004F8CC3 /* db_link_header.png in Resources */ = {isa = PBXBuildFile; fileRef = D3A338F0120F5A5A004F8CC3 /* db_link_header.png */; };
		D3A3391C120F5A5A004F8CC3 /* db_link_header@2x.png in Resources */ = {isa = PBXBuildFile; fileRef = D3A338F1120F5A5A004F8CC3 /* db_link_header@2x.png */; };
		D3A3391D120F5A5A004F8CC3 /* db_logo.png in Resources */ = {isa = PBXBuildFile; fileRef = D3A338F2120F5A5A004F8CC3 /* db_logo.png */; };
		D3A3391E120F5A5A004F8CC3 /* db_logo@2x.png in Resources */ = {isa = PBXBuildFile; fileRef = D3A338F3120F5A5A004F8CC3 /* db_logo@2x.png */; };
		D3E4E46E1220835600E6A304 /* Launch-iPhone.png in Resources */ = {isa = PBXBuildFile; fileRef = D3E4E46D1220835600E6A304 /* Launch-iPhone.png */; };
		D3E4E4771220867F00E6A304 /* Launch-iPad.png in Resources */ = {isa = PBXBuildFile; fileRef = D3E4E4761220867F00E6A304 /* Launch-iPad.png */; };
/* End PBXBuildFile section */

/* Begin PBXFileReference section */
		1D30AB110D05D00D00671497 /* Foundation.framework */ = {isa = PBXFileReference; lastKnownFileType = wrapper.framework; name = Foundation.framework; path = System/Library/Frameworks/Foundation.framework; sourceTree = SDKROOT; };
		1D3623240D0F684500981E51 /* TorrentBoxAppDelegate.h */ = {isa = PBXFileReference; fileEncoding = 4; lastKnownFileType = sourcecode.c.h; path = TorrentBoxAppDelegate.h; sourceTree = "<group>"; };
		1D3623250D0F684500981E51 /* TorrentBoxAppDelegate.m */ = {isa = PBXFileReference; fileEncoding = 4; lastKnownFileType = sourcecode.c.objc; path = TorrentBoxAppDelegate.m; sourceTree = "<group>"; };
		1D6058910D05DD3D006BFB54 /* TorrentBox.app */ = {isa = PBXFileReference; explicitFileType = wrapper.application; includeInIndex = 0; path = TorrentBox.app; sourceTree = BUILT_PRODUCTS_DIR; };
		1DF5F4DF0D08C38300B7A737 /* UIKit.framework */ = {isa = PBXFileReference; lastKnownFileType = wrapper.framework; name = UIKit.framework; path = System/Library/Frameworks/UIKit.framework; sourceTree = SDKROOT; };
		2892E40F0DC94CBA00A64D0F /* CoreGraphics.framework */ = {isa = PBXFileReference; lastKnownFileType = wrapper.framework; name = CoreGraphics.framework; path = System/Library/Frameworks/CoreGraphics.framework; sourceTree = SDKROOT; };
		28A0AAE50D9B0CCF005BE974 /* TorrentBox_Prefix.pch */ = {isa = PBXFileReference; fileEncoding = 4; lastKnownFileType = sourcecode.c.h; path = TorrentBox_Prefix.pch; sourceTree = "<group>"; };
		28AD735F0D9D9599002E5188 /* MainWindow.xib */ = {isa = PBXFileReference; lastKnownFileType = file.xib; path = MainWindow.xib; sourceTree = "<group>"; };
		28C286DF0D94DF7D0034E888 /* RootViewController.h */ = {isa = PBXFileReference; fileEncoding = 4; lastKnownFileType = sourcecode.c.h; path = RootViewController.h; sourceTree = "<group>"; };
		28C286E00D94DF7D0034E888 /* RootViewController.m */ = {isa = PBXFileReference; fileEncoding = 4; lastKnownFileType = sourcecode.c.objc; path = RootViewController.m; sourceTree = "<group>"; };
		28F335F01007B36200424DE2 /* RootViewController.xib */ = {isa = PBXFileReference; lastKnownFileType = file.xib; path = RootViewController.xib; sourceTree = "<group>"; };
		29B97316FDCFA39411CA2CEA /* main.m */ = {isa = PBXFileReference; fileEncoding = 4; lastKnownFileType = sourcecode.c.objc; path = main.m; sourceTree = "<group>"; };
		8D1107310486CEB800E47090 /* TorrentBox-Info.plist */ = {isa = PBXFileReference; fileEncoding = 4; lastKnownFileType = text.plist.xml; path = "TorrentBox-Info.plist"; plistStructureDefinitionIdentifier = "com.apple.xcode.plist.structure-definition.iphone.info-plist"; sourceTree = "<group>"; };
		D37868AE11E141D50069B42D /* Security.framework */ = {isa = PBXFileReference; lastKnownFileType = wrapper.framework; name = Security.framework; path = System/Library/Frameworks/Security.framework; sourceTree = SDKROOT; };
		D37868B811E142820069B42D /* DBUploader.h */ = {isa = PBXFileReference; fileEncoding = 4; lastKnownFileType = sourcecode.c.h; path = DBUploader.h; sourceTree = "<group>"; };
		D37868B911E142820069B42D /* DBUploader.m */ = {isa = PBXFileReference; fileEncoding = 4; lastKnownFileType = sourcecode.c.objc; path = DBUploader.m; sourceTree = "<group>"; };
		D3786A6D11E16C710069B42D /* MBProgressHUD.h */ = {isa = PBXFileReference; fileEncoding = 4; lastKnownFileType = sourcecode.c.h; path = MBProgressHUD.h; sourceTree = "<group>"; };
		D3786A6E11E16C710069B42D /* MBProgressHUD.m */ = {isa = PBXFileReference; fileEncoding = 4; lastKnownFileType = sourcecode.c.objc; path = MBProgressHUD.m; sourceTree = "<group>"; };
		D39FE3FD122076B200ECCE7A /* Icon-512.png */ = {isa = PBXFileReference; lastKnownFileType = image.png; path = "Icon-512.png"; sourceTree = "<group>"; };
		D39FE413122079FC00ECCE7A /* Icon-57.png */ = {isa = PBXFileReference; lastKnownFileType = image.png; path = "Icon-57.png"; sourceTree = "<group>"; };
		D39FE414122079FC00ECCE7A /* Icon-72.png */ = {isa = PBXFileReference; lastKnownFileType = image.png; path = "Icon-72.png"; sourceTree = "<group>"; };
		D39FE415122079FC00ECCE7A /* Icon-114.png */ = {isa = PBXFileReference; lastKnownFileType = image.png; path = "Icon-114.png"; sourceTree = "<group>"; };
		D3A338A0120F5A5A004F8CC3 /* DBAccountInfo.h */ = {isa = PBXFileReference; fileEncoding = 4; lastKnownFileType = sourcecode.c.h; path = DBAccountInfo.h; sourceTree = "<group>"; };
		D3A338A1120F5A5A004F8CC3 /* DBAccountInfo.m */ = {isa = PBXFileReference; fileEncoding = 4; lastKnownFileType = sourcecode.c.objc; path = DBAccountInfo.m; sourceTree = "<group>"; };
		D3A338A2120F5A5A004F8CC3 /* DBCreateAccountController.h */ = {isa = PBXFileReference; fileEncoding = 4; lastKnownFileType = sourcecode.c.h; path = DBCreateAccountController.h; sourceTree = "<group>"; };
		D3A338A3120F5A5A004F8CC3 /* DBCreateAccountController.m */ = {isa = PBXFileReference; fileEncoding = 4; lastKnownFileType = sourcecode.c.objc; path = DBCreateAccountController.m; sourceTree = "<group>"; };
		D3A338A4120F5A5A004F8CC3 /* DBLoadingView.h */ = {isa = PBXFileReference; fileEncoding = 4; lastKnownFileType = sourcecode.c.h; path = DBLoadingView.h; sourceTree = "<group>"; };
		D3A338A5120F5A5A004F8CC3 /* DBLoadingView.m */ = {isa = PBXFileReference; fileEncoding = 4; lastKnownFileType = sourcecode.c.objc; path = DBLoadingView.m; sourceTree = "<group>"; };
		D3A338A6120F5A5A004F8CC3 /* DBLoginController.h */ = {isa = PBXFileReference; fileEncoding = 4; lastKnownFileType = sourcecode.c.h; path = DBLoginController.h; sourceTree = "<group>"; };
		D3A338A7120F5A5A004F8CC3 /* DBLoginController.m */ = {isa = PBXFileReference; fileEncoding = 4; lastKnownFileType = sourcecode.c.objc; path = DBLoginController.m; sourceTree = "<group>"; };
		D3A338A8120F5A5A004F8CC3 /* DBMetadata.h */ = {isa = PBXFileReference; fileEncoding = 4; lastKnownFileType = sourcecode.c.h; path = DBMetadata.h; sourceTree = "<group>"; };
		D3A338A9120F5A5A004F8CC3 /* DBMetadata.m */ = {isa = PBXFileReference; fileEncoding = 4; lastKnownFileType = sourcecode.c.objc; path = DBMetadata.m; sourceTree = "<group>"; };
		D3A338AA120F5A5A004F8CC3 /* DBQuota.h */ = {isa = PBXFileReference; fileEncoding = 4; lastKnownFileType = sourcecode.c.h; path = DBQuota.h; sourceTree = "<group>"; };
		D3A338AB120F5A5A004F8CC3 /* DBQuota.m */ = {isa = PBXFileReference; fileEncoding = 4; lastKnownFileType = sourcecode.c.objc; path = DBQuota.m; sourceTree = "<group>"; };
		D3A338AC120F5A5A004F8CC3 /* DBRequest.h */ = {isa = PBXFileReference; fileEncoding = 4; lastKnownFileType = sourcecode.c.h; path = DBRequest.h; sourceTree = "<group>"; };
		D3A338AD120F5A5A004F8CC3 /* DBRequest.m */ = {isa = PBXFileReference; fileEncoding = 4; lastKnownFileType = sourcecode.c.objc; path = DBRequest.m; sourceTree = "<group>"; };
		D3A338AE120F5A5A004F8CC3 /* DBRestClient.h */ = {isa = PBXFileReference; fileEncoding = 4; lastKnownFileType = sourcecode.c.h; path = DBRestClient.h; sourceTree = "<group>"; };
		D3A338AF120F5A5A004F8CC3 /* DBRestClient.m */ = {isa = PBXFileReference; fileEncoding = 4; lastKnownFileType = sourcecode.c.objc; path = DBRestClient.m; sourceTree = "<group>"; };
		D3A338B0120F5A5A004F8CC3 /* DBSession.h */ = {isa = PBXFileReference; fileEncoding = 4; lastKnownFileType = sourcecode.c.h; path = DBSession.h; sourceTree = "<group>"; };
		D3A338B1120F5A5A004F8CC3 /* DBSession.m */ = {isa = PBXFileReference; fileEncoding = 4; lastKnownFileType = sourcecode.c.objc; path = DBSession.m; sourceTree = "<group>"; };
		D3A338B2120F5A5A004F8CC3 /* DropboxSDK.h */ = {isa = PBXFileReference; fileEncoding = 4; lastKnownFileType = sourcecode.c.h; path = DropboxSDK.h; sourceTree = "<group>"; };
		D3A338B4120F5A5A004F8CC3 /* JSON.h */ = {isa = PBXFileReference; fileEncoding = 4; lastKnownFileType = sourcecode.c.h; path = JSON.h; sourceTree = "<group>"; };
		D3A338B5120F5A5A004F8CC3 /* NSObject+SBJSON.h */ = {isa = PBXFileReference; fileEncoding = 4; lastKnownFileType = sourcecode.c.h; path = "NSObject+SBJSON.h"; sourceTree = "<group>"; };
		D3A338B6120F5A5A004F8CC3 /* NSObject+SBJSON.m */ = {isa = PBXFileReference; fileEncoding = 4; lastKnownFileType = sourcecode.c.objc; path = "NSObject+SBJSON.m"; sourceTree = "<group>"; };
		D3A338B7120F5A5A004F8CC3 /* NSString+SBJSON.h */ = {isa = PBXFileReference; fileEncoding = 4; lastKnownFileType = sourcecode.c.h; path = "NSString+SBJSON.h"; sourceTree = "<group>"; };
		D3A338B8120F5A5A004F8CC3 /* NSString+SBJSON.m */ = {isa = PBXFileReference; fileEncoding = 4; lastKnownFileType = sourcecode.c.objc; path = "NSString+SBJSON.m"; sourceTree = "<group>"; };
		D3A338B9120F5A5A004F8CC3 /* SBJSON.h */ = {isa = PBXFileReference; fileEncoding = 4; lastKnownFileType = sourcecode.c.h; path = SBJSON.h; sourceTree = "<group>"; };
		D3A338BA120F5A5A004F8CC3 /* SBJSON.m */ = {isa = PBXFileReference; fileEncoding = 4; lastKnownFileType = sourcecode.c.objc; path = SBJSON.m; sourceTree = "<group>"; };
		D3A338BB120F5A5A004F8CC3 /* SBJsonBase.h */ = {isa = PBXFileReference; fileEncoding = 4; lastKnownFileType = sourcecode.c.h; path = SBJsonBase.h; sourceTree = "<group>"; };
		D3A338BC120F5A5A004F8CC3 /* SBJsonBase.m */ = {isa = PBXFileReference; fileEncoding = 4; lastKnownFileType = sourcecode.c.objc; path = SBJsonBase.m; sourceTree = "<group>"; };
		D3A338BD120F5A5A004F8CC3 /* SBJsonParser.h */ = {isa = PBXFileReference; fileEncoding = 4; lastKnownFileType = sourcecode.c.h; path = SBJsonParser.h; sourceTree = "<group>"; };
		D3A338BE120F5A5A004F8CC3 /* SBJsonParser.m */ = {isa = PBXFileReference; fileEncoding = 4; lastKnownFileType = sourcecode.c.objc; path = SBJsonParser.m; sourceTree = "<group>"; };
		D3A338BF120F5A5A004F8CC3 /* SBJsonWriter.h */ = {isa = PBXFileReference; fileEncoding = 4; lastKnownFileType = sourcecode.c.h; path = SBJsonWriter.h; sourceTree = "<group>"; };
		D3A338C0120F5A5A004F8CC3 /* SBJsonWriter.m */ = {isa = PBXFileReference; fileEncoding = 4; lastKnownFileType = sourcecode.c.objc; path = SBJsonWriter.m; sourceTree = "<group>"; };
		D3A338C3120F5A5A004F8CC3 /* Base64Transcoder.c */ = {isa = PBXFileReference; fileEncoding = 4; lastKnownFileType = sourcecode.c.c; path = Base64Transcoder.c; sourceTree = "<group>"; };
		D3A338C4120F5A5A004F8CC3 /* Base64Transcoder.h */ = {isa = PBXFileReference; fileEncoding = 4; lastKnownFileType = sourcecode.c.h; path = Base64Transcoder.h; sourceTree = "<group>"; };
		D3A338C5120F5A5A004F8CC3 /* MPDebug.h */ = {isa = PBXFileReference; fileEncoding = 4; lastKnownFileType = sourcecode.c.h; path = MPDebug.h; sourceTree = "<group>"; };
		D3A338C6120F5A5A004F8CC3 /* MPOAuth.h */ = {isa = PBXFileReference; fileEncoding = 4; lastKnownFileType = sourcecode.c.h; path = MPOAuth.h; sourceTree = "<group>"; };
		D3A338C7120F5A5A004F8CC3 /* MPOAuthAPI.h */ = {isa = PBXFileReference; fileEncoding = 4; lastKnownFileType = sourcecode.c.h; path = MPOAuthAPI.h; sourceTree = "<group>"; };
		D3A338C8120F5A5A004F8CC3 /* MPOAuthAPI.m */ = {isa = PBXFileReference; fileEncoding = 4; lastKnownFileType = sourcecode.c.objc; path = MPOAuthAPI.m; sourceTree = "<group>"; };
		D3A338C9120F5A5A004F8CC3 /* MPOAuthAPIRequestLoader.h */ = {isa = PBXFileReference; fileEncoding = 4; lastKnownFileType = sourcecode.c.h; path = MPOAuthAPIRequestLoader.h; sourceTree = "<group>"; };
		D3A338CA120F5A5A004F8CC3 /* MPOAuthAPIRequestLoader.m */ = {isa = PBXFileReference; fileEncoding = 4; lastKnownFileType = sourcecode.c.objc; path = MPOAuthAPIRequestLoader.m; sourceTree = "<group>"; };
		D3A338CB120F5A5A004F8CC3 /* MPOAuthAuthenticationMethod.h */ = {isa = PBXFileReference; fileEncoding = 4; lastKnownFileType = sourcecode.c.h; path = MPOAuthAuthenticationMethod.h; sourceTree = "<group>"; };
		D3A338CC120F5A5A004F8CC3 /* MPOAuthAuthenticationMethod.m */ = {isa = PBXFileReference; fileEncoding = 4; lastKnownFileType = sourcecode.c.objc; path = MPOAuthAuthenticationMethod.m; sourceTree = "<group>"; };
		D3A338CD120F5A5A004F8CC3 /* MPOAuthAuthenticationMethodOAuth.h */ = {isa = PBXFileReference; fileEncoding = 4; lastKnownFileType = sourcecode.c.h; path = MPOAuthAuthenticationMethodOAuth.h; sourceTree = "<group>"; };
		D3A338CE120F5A5A004F8CC3 /* MPOAuthAuthenticationMethodOAuth.m */ = {isa = PBXFileReference; fileEncoding = 4; lastKnownFileType = sourcecode.c.objc; path = MPOAuthAuthenticationMethodOAuth.m; sourceTree = "<group>"; };
		D3A338CF120F5A5A004F8CC3 /* MPOAuthConnection.h */ = {isa = PBXFileReference; fileEncoding = 4; lastKnownFileType = sourcecode.c.h; path = MPOAuthConnection.h; sourceTree = "<group>"; };
		D3A338D0120F5A5A004F8CC3 /* MPOAuthConnection.m */ = {isa = PBXFileReference; fileEncoding = 4; lastKnownFileType = sourcecode.c.objc; path = MPOAuthConnection.m; sourceTree = "<group>"; };
		D3A338D1120F5A5A004F8CC3 /* MPOAuthCredentiaIConcreteStore+KeychainAdditionsMac.m */ = {isa = PBXFileReference; fileEncoding = 4; lastKnownFileType = sourcecode.c.objc; path = "MPOAuthCredentiaIConcreteStore+KeychainAdditionsMac.m"; sourceTree = "<group>"; };
		D3A338D2120F5A5A004F8CC3 /* MPOAuthCredentialConcreteStore+KeychainAdditions.h */ = {isa = PBXFileReference; fileEncoding = 4; lastKnownFileType = sourcecode.c.h; path = "MPOAuthCredentialConcreteStore+KeychainAdditions.h"; sourceTree = "<group>"; };
		D3A338D3120F5A5A004F8CC3 /* MPOAuthCredentialConcreteStore+KeychainAdditionsiPhone.m */ = {isa = PBXFileReference; fileEncoding = 4; lastKnownFileType = sourcecode.c.objc; path = "MPOAuthCredentialConcreteStore+KeychainAdditionsiPhone.m"; sourceTree = "<group>"; };
		D3A338D4120F5A5A004F8CC3 /* MPOAuthCredentialConcreteStore.h */ = {isa = PBXFileReference; fileEncoding = 4; lastKnownFileType = sourcecode.c.h; path = MPOAuthCredentialConcreteStore.h; sourceTree = "<group>"; };
		D3A338D5120F5A5A004F8CC3 /* MPOAuthCredentialConcreteStore.m */ = {isa = PBXFileReference; fileEncoding = 4; lastKnownFileType = sourcecode.c.objc; path = MPOAuthCredentialConcreteStore.m; sourceTree = "<group>"; };
		D3A338D6120F5A5A004F8CC3 /* MPOAuthCredentialStore.h */ = {isa = PBXFileReference; fileEncoding = 4; lastKnownFileType = sourcecode.c.h; path = MPOAuthCredentialStore.h; sourceTree = "<group>"; };
		D3A338D7120F5A5A004F8CC3 /* MPOAuthParameterFactory.h */ = {isa = PBXFileReference; fileEncoding = 4; lastKnownFileType = sourcecode.c.h; path = MPOAuthParameterFactory.h; sourceTree = "<group>"; };
		D3A338D8120F5A5A004F8CC3 /* MPOAuthSignatureParameter.h */ = {isa = PBXFileReference; fileEncoding = 4; lastKnownFileType = sourcecode.c.h; path = MPOAuthSignatureParameter.h; sourceTree = "<group>"; };
		D3A338D9120F5A5A004F8CC3 /* MPOAuthSignatureParameter.m */ = {isa = PBXFileReference; fileEncoding = 4; lastKnownFileType = sourcecode.c.objc; path = MPOAuthSignatureParameter.m; sourceTree = "<group>"; };
		D3A338DA120F5A5A004F8CC3 /* MPOAuthURLRequest.h */ = {isa = PBXFileReference; fileEncoding = 4; lastKnownFileType = sourcecode.c.h; path = MPOAuthURLRequest.h; sourceTree = "<group>"; };
		D3A338DB120F5A5A004F8CC3 /* MPOAuthURLRequest.m */ = {isa = PBXFileReference; fileEncoding = 4; lastKnownFileType = sourcecode.c.objc; path = MPOAuthURLRequest.m; sourceTree = "<group>"; };
		D3A338DC120F5A5A004F8CC3 /* MPOAuthURLResponse.h */ = {isa = PBXFileReference; fileEncoding = 4; lastKnownFileType = sourcecode.c.h; path = MPOAuthURLResponse.h; sourceTree = "<group>"; };
		D3A338DD120F5A5A004F8CC3 /* MPOAuthURLResponse.m */ = {isa = PBXFileReference; fileEncoding = 4; lastKnownFileType = sourcecode.c.objc; path = MPOAuthURLResponse.m; sourceTree = "<group>"; };
		D3A338DE120F5A5A004F8CC3 /* MPURLRequestParameter.h */ = {isa = PBXFileReference; fileEncoding = 4; lastKnownFileType = sourcecode.c.h; path = MPURLRequestParameter.h; sourceTree = "<group>"; };
		D3A338DF120F5A5A004F8CC3 /* MPURLRequestParameter.m */ = {isa = PBXFileReference; fileEncoding = 4; lastKnownFileType = sourcecode.c.objc; path = MPURLRequestParameter.m; sourceTree = "<group>"; };
		D3A338E0120F5A5A004F8CC3 /* NSString+URLEscapingAdditions.h */ = {isa = PBXFileReference; fileEncoding = 4; lastKnownFileType = sourcecode.c.h; path = "NSString+URLEscapingAdditions.h"; sourceTree = "<group>"; };
		D3A338E1120F5A5A004F8CC3 /* NSString+URLEscapingAdditions.m */ = {isa = PBXFileReference; fileEncoding = 4; lastKnownFileType = sourcecode.c.objc; path = "NSString+URLEscapingAdditions.m"; sourceTree = "<group>"; };
		D3A338E2120F5A5A004F8CC3 /* NSURL+MPURLParameterAdditions.h */ = {isa = PBXFileReference; fileEncoding = 4; lastKnownFileType = sourcecode.c.h; path = "NSURL+MPURLParameterAdditions.h"; sourceTree = "<group>"; };
		D3A338E3120F5A5A004F8CC3 /* NSURL+MPURLParameterAdditions.m */ = {isa = PBXFileReference; fileEncoding = 4; lastKnownFileType = sourcecode.c.objc; path = "NSURL+MPURLParameterAdditions.m"; sourceTree = "<group>"; };
		D3A338E4120F5A5A004F8CC3 /* NSURLResponse+Encoding.h */ = {isa = PBXFileReference; fileEncoding = 4; lastKnownFileType = sourcecode.c.h; path = "NSURLResponse+Encoding.h"; sourceTree = "<group>"; };
		D3A338E5120F5A5A004F8CC3 /* NSURLResponse+Encoding.m */ = {isa = PBXFileReference; fileEncoding = 4; lastKnownFileType = sourcecode.c.objc; path = "NSURLResponse+Encoding.m"; sourceTree = "<group>"; };
		D3A338E6120F5A5A004F8CC3 /* NSString+Dropbox.h */ = {isa = PBXFileReference; fileEncoding = 4; lastKnownFileType = sourcecode.c.h; path = "NSString+Dropbox.h"; sourceTree = "<group>"; };
		D3A338E7120F5A5A004F8CC3 /* NSString+Dropbox.m */ = {isa = PBXFileReference; fileEncoding = 4; lastKnownFileType = sourcecode.c.objc; path = "NSString+Dropbox.m"; sourceTree = "<group>"; };
		D3A338E9120F5A5A004F8CC3 /* db_background.png */ = {isa = PBXFileReference; lastKnownFileType = image.png; path = db_background.png; sourceTree = "<group>"; };
		D3A338EA120F5A5A004F8CC3 /* db_create_account.png */ = {isa = PBXFileReference; lastKnownFileType = image.png; path = db_create_account.png; sourceTree = "<group>"; };
		D3A338EB120F5A5A004F8CC3 /* db_create_account@2x.png */ = {isa = PBXFileReference; lastKnownFileType = image.png; path = "db_create_account@2x.png"; sourceTree = "<group>"; };
		D3A338EC120F5A5A004F8CC3 /* db_create_account_button.png */ = {isa = PBXFileReference; lastKnownFileType = image.png; path = db_create_account_button.png; sourceTree = "<group>"; };
		D3A338ED120F5A5A004F8CC3 /* db_create_account_button_down.png */ = {isa = PBXFileReference; lastKnownFileType = image.png; path = db_create_account_button_down.png; sourceTree = "<group>"; };
		D3A338EE120F5A5A004F8CC3 /* db_link_button.png */ = {isa = PBXFileReference; lastKnownFileType = image.png; path = db_link_button.png; sourceTree = "<group>"; };
		D3A338EF120F5A5A004F8CC3 /* db_link_button_down.png */ = {isa = PBXFileReference; lastKnownFileType = image.png; path = db_link_button_down.png; sourceTree = "<group>"; };
		D3A338F0120F5A5A004F8CC3 /* db_link_header.png */ = {isa = PBXFileReference; lastKnownFileType = image.png; path = db_link_header.png; sourceTree = "<group>"; };
		D3A338F1120F5A5A004F8CC3 /* db_link_header@2x.png */ = {isa = PBXFileReference; lastKnownFileType = image.png; path = "db_link_header@2x.png"; sourceTree = "<group>"; };
		D3A338F2120F5A5A004F8CC3 /* db_logo.png */ = {isa = PBXFileReference; lastKnownFileType = image.png; path = db_logo.png; sourceTree = "<group>"; };
		D3A338F3120F5A5A004F8CC3 /* db_logo@2x.png */ = {isa = PBXFileReference; lastKnownFileType = image.png; path = "db_logo@2x.png"; sourceTree = "<group>"; };
		D3A33922120F5A90004F8CC3 /* DBConfig.h */ = {isa = PBXFileReference; fileEncoding = 4; lastKnownFileType = sourcecode.c.h; name = DBConfig.h; path = ../DropboxSDK/DBConfig.h; sourceTree = "<group>"; };
		D3E4E46D1220835600E6A304 /* Launch-iPhone.png */ = {isa = PBXFileReference; lastKnownFileType = image.png; path = "Launch-iPhone.png"; sourceTree = "<group>"; };
		D3E4E4761220867F00E6A304 /* Launch-iPad.png */ = {isa = PBXFileReference; lastKnownFileType = image.png; path = "Launch-iPad.png"; sourceTree = "<group>"; };
/* End PBXFileReference section */

/* Begin PBXFrameworksBuildPhase section */
		1D60588F0D05DD3D006BFB54 /* Frameworks */ = {
			isa = PBXFrameworksBuildPhase;
			buildActionMask = 2147483647;
			files = (
				1D60589F0D05DD5A006BFB54 /* Foundation.framework in Frameworks */,
				1DF5F4E00D08C38300B7A737 /* UIKit.framework in Frameworks */,
				2892E4100DC94CBA00A64D0F /* CoreGraphics.framework in Frameworks */,
				D37868AF11E141D50069B42D /* Security.framework in Frameworks */,
			);
			runOnlyForDeploymentPostprocessing = 0;
		};
/* End PBXFrameworksBuildPhase section */

/* Begin PBXGroup section */
		080E96DDFE201D6D7F000001 /* Classes */ = {
			isa = PBXGroup;
			children = (
				D3A33922120F5A90004F8CC3 /* DBConfig.h */,
				28C286DF0D94DF7D0034E888 /* RootViewController.h */,
				28C286E00D94DF7D0034E888 /* RootViewController.m */,
				1D3623240D0F684500981E51 /* TorrentBoxAppDelegate.h */,
				1D3623250D0F684500981E51 /* TorrentBoxAppDelegate.m */,
				D37868B811E142820069B42D /* DBUploader.h */,
				D37868B911E142820069B42D /* DBUploader.m */,
			);
			path = Classes;
			sourceTree = "<group>";
		};
		19C28FACFE9D520D11CA2CBB /* Products */ = {
			isa = PBXGroup;
			children = (
				1D6058910D05DD3D006BFB54 /* TorrentBox.app */,
			);
			name = Products;
			sourceTree = "<group>";
		};
		29B97314FDCFA39411CA2CEA /* CustomTemplate */ = {
			isa = PBXGroup;
			children = (
				080E96DDFE201D6D7F000001 /* Classes */,
				D3A3389F120F5A5A004F8CC3 /* DropboxSDK */,
				D3786A6C11E16C540069B42D /* MBProgressHUD */,
				29B97315FDCFA39411CA2CEA /* Other Sources */,
				29B97317FDCFA39411CA2CEA /* Resources */,
				29B97323FDCFA39411CA2CEA /* Frameworks */,
				19C28FACFE9D520D11CA2CBB /* Products */,
			);
			name = CustomTemplate;
			sourceTree = "<group>";
		};
		29B97315FDCFA39411CA2CEA /* Other Sources */ = {
			isa = PBXGroup;
			children = (
				28A0AAE50D9B0CCF005BE974 /* TorrentBox_Prefix.pch */,
				29B97316FDCFA39411CA2CEA /* main.m */,
			);
			name = "Other Sources";
			sourceTree = "<group>";
		};
		29B97317FDCFA39411CA2CEA /* Resources */ = {
			isa = PBXGroup;
			children = (
				D3E4E4761220867F00E6A304 /* Launch-iPad.png */,
				D3E4E46D1220835600E6A304 /* Launch-iPhone.png */,
				D39FE413122079FC00ECCE7A /* Icon-57.png */,
				D39FE414122079FC00ECCE7A /* Icon-72.png */,
				D39FE415122079FC00ECCE7A /* Icon-114.png */,
				D39FE3FD122076B200ECCE7A /* Icon-512.png */,
				28F335F01007B36200424DE2 /* RootViewController.xib */,
				28AD735F0D9D9599002E5188 /* MainWindow.xib */,
				8D1107310486CEB800E47090 /* TorrentBox-Info.plist */,
			);
			name = Resources;
			sourceTree = "<group>";
		};
		29B97323FDCFA39411CA2CEA /* Frameworks */ = {
			isa = PBXGroup;
			children = (
				1DF5F4DF0D08C38300B7A737 /* UIKit.framework */,
				1D30AB110D05D00D00671497 /* Foundation.framework */,
				2892E40F0DC94CBA00A64D0F /* CoreGraphics.framework */,
				D37868AE11E141D50069B42D /* Security.framework */,
			);
			name = Frameworks;
			sourceTree = "<group>";
		};
		D3786A6C11E16C540069B42D /* MBProgressHUD */ = {
			isa = PBXGroup;
			children = (
				D3786A6D11E16C710069B42D /* MBProgressHUD.h */,
				D3786A6E11E16C710069B42D /* MBProgressHUD.m */,
			);
			name = MBProgressHUD;
			path = Classes;
			sourceTree = "<group>";
		};
		D3A3389F120F5A5A004F8CC3 /* DropboxSDK */ = {
			isa = PBXGroup;
			children = (
				D3A338A0120F5A5A004F8CC3 /* DBAccountInfo.h */,
				D3A338A1120F5A5A004F8CC3 /* DBAccountInfo.m */,
				D3A338A2120F5A5A004F8CC3 /* DBCreateAccountController.h */,
				D3A338A3120F5A5A004F8CC3 /* DBCreateAccountController.m */,
				D3A338A4120F5A5A004F8CC3 /* DBLoadingView.h */,
				D3A338A5120F5A5A004F8CC3 /* DBLoadingView.m */,
				D3A338A6120F5A5A004F8CC3 /* DBLoginController.h */,
				D3A338A7120F5A5A004F8CC3 /* DBLoginController.m */,
				D3A338A8120F5A5A004F8CC3 /* DBMetadata.h */,
				D3A338A9120F5A5A004F8CC3 /* DBMetadata.m */,
				D3A338AA120F5A5A004F8CC3 /* DBQuota.h */,
				D3A338AB120F5A5A004F8CC3 /* DBQuota.m */,
				D3A338AC120F5A5A004F8CC3 /* DBRequest.h */,
				D3A338AD120F5A5A004F8CC3 /* DBRequest.m */,
				D3A338AE120F5A5A004F8CC3 /* DBRestClient.h */,
				D3A338AF120F5A5A004F8CC3 /* DBRestClient.m */,
				D3A338B0120F5A5A004F8CC3 /* DBSession.h */,
				D3A338B1120F5A5A004F8CC3 /* DBSession.m */,
				D3A338B2120F5A5A004F8CC3 /* DropboxSDK.h */,
				D3A338B3120F5A5A004F8CC3 /* JSON */,
				D3A338C1120F5A5A004F8CC3 /* MPOAuth */,
				D3A338E6120F5A5A004F8CC3 /* NSString+Dropbox.h */,
				D3A338E7120F5A5A004F8CC3 /* NSString+Dropbox.m */,
				D3A338E8120F5A5A004F8CC3 /* Resources */,
			);
			path = DropboxSDK;
			sourceTree = "<group>";
		};
		D3A338B3120F5A5A004F8CC3 /* JSON */ = {
			isa = PBXGroup;
			children = (
				D3A338B4120F5A5A004F8CC3 /* JSON.h */,
				D3A338B5120F5A5A004F8CC3 /* NSObject+SBJSON.h */,
				D3A338B6120F5A5A004F8CC3 /* NSObject+SBJSON.m */,
				D3A338B7120F5A5A004F8CC3 /* NSString+SBJSON.h */,
				D3A338B8120F5A5A004F8CC3 /* NSString+SBJSON.m */,
				D3A338B9120F5A5A004F8CC3 /* SBJSON.h */,
				D3A338BA120F5A5A004F8CC3 /* SBJSON.m */,
				D3A338BB120F5A5A004F8CC3 /* SBJsonBase.h */,
				D3A338BC120F5A5A004F8CC3 /* SBJsonBase.m */,
				D3A338BD120F5A5A004F8CC3 /* SBJsonParser.h */,
				D3A338BE120F5A5A004F8CC3 /* SBJsonParser.m */,
				D3A338BF120F5A5A004F8CC3 /* SBJsonWriter.h */,
				D3A338C0120F5A5A004F8CC3 /* SBJsonWriter.m */,
			);
			path = JSON;
			sourceTree = "<group>";
		};
		D3A338C1120F5A5A004F8CC3 /* MPOAuth */ = {
			isa = PBXGroup;
			children = (
				D3A338C2120F5A5A004F8CC3 /* Crypto */,
				D3A338C5120F5A5A004F8CC3 /* MPDebug.h */,
				D3A338C6120F5A5A004F8CC3 /* MPOAuth.h */,
				D3A338C7120F5A5A004F8CC3 /* MPOAuthAPI.h */,
				D3A338C8120F5A5A004F8CC3 /* MPOAuthAPI.m */,
				D3A338C9120F5A5A004F8CC3 /* MPOAuthAPIRequestLoader.h */,
				D3A338CA120F5A5A004F8CC3 /* MPOAuthAPIRequestLoader.m */,
				D3A338CB120F5A5A004F8CC3 /* MPOAuthAuthenticationMethod.h */,
				D3A338CC120F5A5A004F8CC3 /* MPOAuthAuthenticationMethod.m */,
				D3A338CD120F5A5A004F8CC3 /* MPOAuthAuthenticationMethodOAuth.h */,
				D3A338CE120F5A5A004F8CC3 /* MPOAuthAuthenticationMethodOAuth.m */,
				D3A338CF120F5A5A004F8CC3 /* MPOAuthConnection.h */,
				D3A338D0120F5A5A004F8CC3 /* MPOAuthConnection.m */,
				D3A338D1120F5A5A004F8CC3 /* MPOAuthCredentiaIConcreteStore+KeychainAdditionsMac.m */,
				D3A338D2120F5A5A004F8CC3 /* MPOAuthCredentialConcreteStore+KeychainAdditions.h */,
				D3A338D3120F5A5A004F8CC3 /* MPOAuthCredentialConcreteStore+KeychainAdditionsiPhone.m */,
				D3A338D4120F5A5A004F8CC3 /* MPOAuthCredentialConcreteStore.h */,
				D3A338D5120F5A5A004F8CC3 /* MPOAuthCredentialConcreteStore.m */,
				D3A338D6120F5A5A004F8CC3 /* MPOAuthCredentialStore.h */,
				D3A338D7120F5A5A004F8CC3 /* MPOAuthParameterFactory.h */,
				D3A338D8120F5A5A004F8CC3 /* MPOAuthSignatureParameter.h */,
				D3A338D9120F5A5A004F8CC3 /* MPOAuthSignatureParameter.m */,
				D3A338DA120F5A5A004F8CC3 /* MPOAuthURLRequest.h */,
				D3A338DB120F5A5A004F8CC3 /* MPOAuthURLRequest.m */,
				D3A338DC120F5A5A004F8CC3 /* MPOAuthURLResponse.h */,
				D3A338DD120F5A5A004F8CC3 /* MPOAuthURLResponse.m */,
				D3A338DE120F5A5A004F8CC3 /* MPURLRequestParameter.h */,
				D3A338DF120F5A5A004F8CC3 /* MPURLRequestParameter.m */,
				D3A338E0120F5A5A004F8CC3 /* NSString+URLEscapingAdditions.h */,
				D3A338E1120F5A5A004F8CC3 /* NSString+URLEscapingAdditions.m */,
				D3A338E2120F5A5A004F8CC3 /* NSURL+MPURLParameterAdditions.h */,
				D3A338E3120F5A5A004F8CC3 /* NSURL+MPURLParameterAdditions.m */,
				D3A338E4120F5A5A004F8CC3 /* NSURLResponse+Encoding.h */,
				D3A338E5120F5A5A004F8CC3 /* NSURLResponse+Encoding.m */,
			);
			path = MPOAuth;
			sourceTree = "<group>";
		};
		D3A338C2120F5A5A004F8CC3 /* Crypto */ = {
			isa = PBXGroup;
			children = (
				D3A338C3120F5A5A004F8CC3 /* Base64Transcoder.c */,
				D3A338C4120F5A5A004F8CC3 /* Base64Transcoder.h */,
			);
			path = Crypto;
			sourceTree = "<group>";
		};
		D3A338E8120F5A5A004F8CC3 /* Resources */ = {
			isa = PBXGroup;
			children = (
				D3A338E9120F5A5A004F8CC3 /* db_background.png */,
				D3A338EA120F5A5A004F8CC3 /* db_create_account.png */,
				D3A338EB120F5A5A004F8CC3 /* db_create_account@2x.png */,
				D3A338EC120F5A5A004F8CC3 /* db_create_account_button.png */,
				D3A338ED120F5A5A004F8CC3 /* db_create_account_button_down.png */,
				D3A338EE120F5A5A004F8CC3 /* db_link_button.png */,
				D3A338EF120F5A5A004F8CC3 /* db_link_button_down.png */,
				D3A338F0120F5A5A004F8CC3 /* db_link_header.png */,
				D3A338F1120F5A5A004F8CC3 /* db_link_header@2x.png */,
				D3A338F2120F5A5A004F8CC3 /* db_logo.png */,
				D3A338F3120F5A5A004F8CC3 /* db_logo@2x.png */,
			);
			path = Resources;
			sourceTree = "<group>";
		};
/* End PBXGroup section */

/* Begin PBXNativeTarget section */
		1D6058900D05DD3D006BFB54 /* TorrentBox */ = {
			isa = PBXNativeTarget;
			buildConfigurationList = 1D6058960D05DD3E006BFB54 /* Build configuration list for PBXNativeTarget "TorrentBox" */;
			buildPhases = (
				1D60588D0D05DD3D006BFB54 /* Resources */,
				1D60588E0D05DD3D006BFB54 /* Sources */,
				1D60588F0D05DD3D006BFB54 /* Frameworks */,
			);
			buildRules = (
			);
			dependencies = (
			);
			name = TorrentBox;
			productName = TorrentBox;
			productReference = 1D6058910D05DD3D006BFB54 /* TorrentBox.app */;
			productType = "com.apple.product-type.application";
		};
/* End PBXNativeTarget section */

/* Begin PBXProject section */
		29B97313FDCFA39411CA2CEA /* Project object */ = {
			isa = PBXProject;
			buildConfigurationList = C01FCF4E08A954540054247B /* Build configuration list for PBXProject "TorrentBox" */;
			compatibilityVersion = "Xcode 3.1";
			hasScannedForEncodings = 1;
			knownRegions = (
				English,
				Japanese,
				French,
				German,
				en,
			);
			mainGroup = 29B97314FDCFA39411CA2CEA /* CustomTemplate */;
			projectDirPath = "";
			projectRoot = "";
			targets = (
				1D6058900D05DD3D006BFB54 /* TorrentBox */,
			);
		};
/* End PBXProject section */

/* Begin PBXResourcesBuildPhase section */
		1D60588D0D05DD3D006BFB54 /* Resources */ = {
			isa = PBXResourcesBuildPhase;
			buildActionMask = 2147483647;
			files = (
				28AD73600D9D9599002E5188 /* MainWindow.xib in Resources */,
				28F335F11007B36200424DE2 /* RootViewController.xib in Resources */,
				D3A33914120F5A5A004F8CC3 /* db_background.png in Resources */,
				D3A33915120F5A5A004F8CC3 /* db_create_account.png in Resources */,
				D3A33916120F5A5A004F8CC3 /* db_create_account@2x.png in Resources */,
				D3A33917120F5A5A004F8CC3 /* db_create_account_button.png in Resources */,
				D3A33918120F5A5A004F8CC3 /* db_create_account_button_down.png in Resources */,
				D3A33919120F5A5A004F8CC3 /* db_link_button.png in Resources */,
				D3A3391A120F5A5A004F8CC3 /* db_link_button_down.png in Resources */,
				D3A3391B120F5A5A004F8CC3 /* db_link_header.png in Resources */,
				D3A3391C120F5A5A004F8CC3 /* db_link_header@2x.png in Resources */,
				D3A3391D120F5A5A004F8CC3 /* db_logo.png in Resources */,
				D3A3391E120F5A5A004F8CC3 /* db_logo@2x.png in Resources */,
				D39FE3FE122076B200ECCE7A /* Icon-512.png in Resources */,
				D39FE416122079FC00ECCE7A /* Icon-57.png in Resources */,
				D39FE417122079FC00ECCE7A /* Icon-72.png in Resources */,
				D39FE418122079FC00ECCE7A /* Icon-114.png in Resources */,
				D3E4E46E1220835600E6A304 /* Launch-iPhone.png in Resources */,
				D3E4E4771220867F00E6A304 /* Launch-iPad.png in Resources */,
			);
			runOnlyForDeploymentPostprocessing = 0;
		};
/* End PBXResourcesBuildPhase section */

/* Begin PBXSourcesBuildPhase section */
		1D60588E0D05DD3D006BFB54 /* Sources */ = {
			isa = PBXSourcesBuildPhase;
			buildActionMask = 2147483647;
			files = (
				1D60589B0D05DD56006BFB54 /* main.m in Sources */,
				1D3623260D0F684500981E51 /* TorrentBoxAppDelegate.m in Sources */,
				28C286E10D94DF7D0034E888 /* RootViewController.m in Sources */,
				D37868BA11E142820069B42D /* DBUploader.m in Sources */,
				D3786A6F11E16C710069B42D /* MBProgressHUD.m in Sources */,
				D3A338F4120F5A5A004F8CC3 /* DBAccountInfo.m in Sources */,
				D3A338F5120F5A5A004F8CC3 /* DBCreateAccountController.m in Sources */,
				D3A338F6120F5A5A004F8CC3 /* DBLoadingView.m in Sources */,
				D3A338F7120F5A5A004F8CC3 /* DBLoginController.m in Sources */,
				D3A338F8120F5A5A004F8CC3 /* DBMetadata.m in Sources */,
				D3A338F9120F5A5A004F8CC3 /* DBQuota.m in Sources */,
				D3A338FA120F5A5A004F8CC3 /* DBRequest.m in Sources */,
				D3A338FB120F5A5A004F8CC3 /* DBRestClient.m in Sources */,
				D3A338FC120F5A5A004F8CC3 /* DBSession.m in Sources */,
				D3A338FD120F5A5A004F8CC3 /* NSObject+SBJSON.m in Sources */,
				D3A338FE120F5A5A004F8CC3 /* NSString+SBJSON.m in Sources */,
				D3A338FF120F5A5A004F8CC3 /* SBJSON.m in Sources */,
				D3A33900120F5A5A004F8CC3 /* SBJsonBase.m in Sources */,
				D3A33901120F5A5A004F8CC3 /* SBJsonParser.m in Sources */,
				D3A33902120F5A5A004F8CC3 /* SBJsonWriter.m in Sources */,
				D3A33903120F5A5A004F8CC3 /* Base64Transcoder.c in Sources */,
				D3A33904120F5A5A004F8CC3 /* MPOAuthAPI.m in Sources */,
				D3A33905120F5A5A004F8CC3 /* MPOAuthAPIRequestLoader.m in Sources */,
				D3A33906120F5A5A004F8CC3 /* MPOAuthAuthenticationMethod.m in Sources */,
				D3A33907120F5A5A004F8CC3 /* MPOAuthAuthenticationMethodOAuth.m in Sources */,
				D3A33908120F5A5A004F8CC3 /* MPOAuthConnection.m in Sources */,
				D3A33909120F5A5A004F8CC3 /* MPOAuthCredentiaIConcreteStore+KeychainAdditionsMac.m in Sources */,
				D3A3390A120F5A5A004F8CC3 /* MPOAuthCredentialConcreteStore+KeychainAdditionsiPhone.m in Sources */,
				D3A3390B120F5A5A004F8CC3 /* MPOAuthCredentialConcreteStore.m in Sources */,
				D3A3390C120F5A5A004F8CC3 /* MPOAuthSignatureParameter.m in Sources */,
				D3A3390D120F5A5A004F8CC3 /* MPOAuthURLRequest.m in Sources */,
				D3A3390E120F5A5A004F8CC3 /* MPOAuthURLResponse.m in Sources */,
				D3A3390F120F5A5A004F8CC3 /* MPURLRequestParameter.m in Sources */,
				D3A33910120F5A5A004F8CC3 /* NSString+URLEscapingAdditions.m in Sources */,
				D3A33911120F5A5A004F8CC3 /* NSURL+MPURLParameterAdditions.m in Sources */,
				D3A33912120F5A5A004F8CC3 /* NSURLResponse+Encoding.m in Sources */,
				D3A33913120F5A5A004F8CC3 /* NSString+Dropbox.m in Sources */,
			);
			runOnlyForDeploymentPostprocessing = 0;
		};
/* End PBXSourcesBuildPhase section */

/* Begin XCBuildConfiguration section */
		1D6058940D05DD3E006BFB54 /* Debug */ = {
			isa = XCBuildConfiguration;
			buildSettings = {
				ALWAYS_SEARCH_USER_PATHS = NO;
				"CODE_SIGN_IDENTITY[sdk=iphoneos*]" = "iPhone Developer";
				COPY_PHASE_STRIP = NO;
				GCC_DYNAMIC_NO_PIC = NO;
				GCC_OPTIMIZATION_LEVEL = 0;
				GCC_PRECOMPILE_PREFIX_HEADER = YES;
				GCC_PREFIX_HEADER = TorrentBox_Prefix.pch;
				INFOPLIST_FILE = "TorrentBox-Info.plist";
				PRODUCT_NAME = TorrentBox;
				"PROVISIONING_PROFILE[sdk=iphoneos*]" = "";
				SDKROOT = iphoneos4.0;
				TARGETED_DEVICE_FAMILY = "1,2";
			};
			name = Debug;
		};
		1D6058950D05DD3E006BFB54 /* Release */ = {
			isa = XCBuildConfiguration;
			buildSettings = {
				ALWAYS_SEARCH_USER_PATHS = NO;
				"CODE_SIGN_IDENTITY[sdk=iphoneos*]" = "iPhone Developer";
				COPY_PHASE_STRIP = YES;
				GCC_PRECOMPILE_PREFIX_HEADER = YES;
				GCC_PREFIX_HEADER = TorrentBox_Prefix.pch;
				INFOPLIST_FILE = "TorrentBox-Info.plist";
				IPHONEOS_DEPLOYMENT_TARGET = 3.2;
				PRODUCT_NAME = TorrentBox;
				"PROVISIONING_PROFILE[sdk=iphoneos*]" = "";
				SDKROOT = iphoneos4.0;
				TARGETED_DEVICE_FAMILY = "1,2";
				VALIDATE_PRODUCT = YES;
			};
			name = Release;
		};
		C01FCF4F08A954540054247B /* Debug */ = {
			isa = XCBuildConfiguration;
			buildSettings = {
				ARCHS = "$(ARCHS_STANDARD_32_BIT)";
				"CODE_SIGN_IDENTITY[sdk=iphoneos*]" = "iPhone Developer";
				GCC_C_LANGUAGE_STANDARD = c99;
				GCC_WARN_ABOUT_RETURN_TYPE = YES;
				GCC_WARN_UNUSED_VARIABLE = YES;
				PREBINDING = NO;
				SDKROOT = iphoneos3.1.3;
			};
			name = Debug;
		};
		C01FCF5008A954540054247B /* Release */ = {
			isa = XCBuildConfiguration;
			buildSettings = {
				ARCHS = "$(ARCHS_STANDARD_32_BIT)";
				"CODE_SIGN_IDENTITY[sdk=iphoneos*]" = "iPhone Developer";
				GCC_C_LANGUAGE_STANDARD = c99;
				GCC_WARN_ABOUT_RETURN_TYPE = YES;
				GCC_WARN_UNUSED_VARIABLE = YES;
				OTHER_CFLAGS = "-DNS_BLOCK_ASSERTIONS=1";
				PREBINDING = NO;
				SDKROOT = iphoneos3.1.3;
			};
			name = Release;
		};
		D338FE3B122750540020A53C /* Distribution */ = {
			isa = XCBuildConfiguration;
			buildSettings = {
				ARCHS = "$(ARCHS_STANDARD_32_BIT)";
				"CODE_SIGN_IDENTITY[sdk=iphoneos*]" = "iPhone Distribution";
				GCC_C_LANGUAGE_STANDARD = c99;
				GCC_WARN_ABOUT_RETURN_TYPE = YES;
				GCC_WARN_UNUSED_VARIABLE = YES;
				IPHONEOS_DEPLOYMENT_TARGET = 3.2;
				OTHER_CFLAGS = "-DNS_BLOCK_ASSERTIONS=1";
				PREBINDING = NO;
				"PROVISIONING_PROFILE[sdk=iphoneos*]" = "";
				SDKROOT = iphoneos4.0;
			};
			name = Distribution;
		};
		D338FE3C122750540020A53C /* Distribution */ = {
			isa = XCBuildConfiguration;
			buildSettings = {
				ALWAYS_SEARCH_USER_PATHS = NO;
				"CODE_SIGN_IDENTITY[sdk=iphoneos*]" = "iPhone Distribution";
				COPY_PHASE_STRIP = YES;
				GCC_PRECOMPILE_PREFIX_HEADER = YES;
				GCC_PREFIX_HEADER = TorrentBox_Prefix.pch;
				INFOPLIST_FILE = "TorrentBox-Info.plist";
				IPHONEOS_DEPLOYMENT_TARGET = 3.2;
				PRODUCT_NAME = TorrentBox;
				"PROVISIONING_PROFILE[sdk=iphoneos*]" = "";
				SDKROOT = iphoneos4.0;
				TARGETED_DEVICE_FAMILY = "1,2";
				VALIDATE_PRODUCT = YES;
			};
			name = Distribution;
		};
/* End XCBuildConfiguration section */

/* Begin XCConfigurationList section */
		1D6058960D05DD3E006BFB54 /* Build configuration list for PBXNativeTarget "TorrentBox" */ = {
			isa = XCConfigurationList;
			buildConfigurations = (
				1D6058940D05DD3E006BFB54 /* Debug */,
				1D6058950D05DD3E006BFB54 /* Release */,
				D338FE3C122750540020A53C /* Distribution */,
			);
			defaultConfigurationIsVisible = 0;
			defaultConfigurationName = Release;
		};
		C01FCF4E08A954540054247B /* Build configuration list for PBXProject "TorrentBox" */ = {
			isa = XCConfigurationList;
			buildConfigurations = (
				C01FCF4F08A954540054247B /* Debug */,
				C01FCF5008A954540054247B /* Release */,
				D338FE3B122750540020A53C /* Distribution */,
			);
			defaultConfigurationIsVisible = 0;
			defaultConfigurationName = Release;
		};
/* End XCConfigurationList section */
	};
	rootObject = 29B97313FDCFA39411CA2CEA /* Project object */;
}
